<?xml version="1.0" encoding="utf-8"?>
<Project ToolsVersion="4.0" xmlns="http://schemas.microsoft.com/developer/msbuild/2003">
  <ItemGroup>
    <ClCompile Include="Core\Private\Name.cpp">
      <Filter>Core\Private</Filter>
    </ClCompile>
    <ClCompile Include="pch.cpp" />
    <ClCompile Include="main.cpp" />
    <ClCompile Include="Factory\Actor\Private\ActorFactory.cpp">
      <Filter>Factory\Actor\Private</Filter>
    </ClCompile>
    <ClCompile Include="Factory\Actor\Private\CubeActorFactory.cpp">
      <Filter>Factory\Actor\Private</Filter>
    </ClCompile>
    <ClCompile Include="Factory\Actor\Private\SphereActorFactory.cpp">
      <Filter>Factory\Actor\Private</Filter>
    </ClCompile>
    <ClCompile Include="Factory\Actor\Private\SquareActorFactory.cpp">
      <Filter>Factory\Actor\Private</Filter>
    </ClCompile>
    <ClCompile Include="Factory\Actor\Private\TriangleActorFactory.cpp">
      <Filter>Factory\Actor\Private</Filter>
    </ClCompile>
    <ClCompile Include="Factory\Component\Private\ComponentFactories.cpp">
      <Filter>Factory\Component\Private</Filter>
    </ClCompile>
    <ClCompile Include="Factory\Component\Private\ComponentFactory.cpp">
      <Filter>Factory\Component\Private</Filter>
    </ClCompile>
    <ClCompile Include="Factory\Private\Factory.cpp">
      <Filter>Factory\Private</Filter>
    </ClCompile>
    <ClCompile Include="Factory\Private\FactorySystem.cpp">
      <Filter>Factory\Private</Filter>
    </ClCompile>
    <ClCompile Include="Manager\Asset\Private\AssetManger.cpp">
      <Filter>Manager\Asset\Private</Filter>
    </ClCompile>
    <ClCompile Include="Manager\Input\Private\InputManager.cpp">
      <Filter>Manager\Input\Private</Filter>
    </ClCompile>
    <ClCompile Include="Manager\Level\Private\LevelManager.cpp">
      <Filter>Manager\Level\Private</Filter>
    </ClCompile>
    <ClCompile Include="Manager\Path\Private\PathManager.cpp">
      <Filter>Manager\Path\Private</Filter>
    </ClCompile>
    <ClCompile Include="Manager\Time\Private\TimeManager.cpp">
      <Filter>Manager\Time\Private</Filter>
    </ClCompile>
    <ClCompile Include="Manager\UI\Private\UIManager.cpp">
      <Filter>Manager\UI\Private</Filter>
    </ClCompile>
    <ClCompile Include="Manager\Config\Private\ConfigManager.cpp">
      <Filter>Manager\Config\Private</Filter>
    </ClCompile>
    <ClCompile Include="Resource\Texture\Private\Texture.cpp">
      <Filter>Resource\Texture\Private</Filter>
    </ClCompile>
    <ClCompile Include="Utility\Private\JsonSerializer.cpp">
      <Filter>Utility\Private</Filter>
    </ClCompile>
    <ClCompile Include="Utility\Private\UELogParser.cpp">
      <Filter>Utility\Private</Filter>
    </ClCompile>
    <ClCompile Include="Render\FontRenderer\Private\FontRenderer.cpp">
      <Filter>Render\FontRenderer\Private</Filter>
    </ClCompile>
    <ClCompile Include="Render\UI\Widget\Private\ActorTerminationWidget.cpp">
      <Filter>Render\UI\Widget\Private</Filter>
    </ClCompile>
    <ClCompile Include="Render\UI\Widget\Private\CameraControlWIdget.cpp">
      <Filter>Render\UI\Widget\Private</Filter>
    </ClCompile>
    <ClCompile Include="Render\UI\Widget\Private\ConsoleWidget.cpp">
      <Filter>Render\UI\Widget\Private</Filter>
    </ClCompile>
    <ClCompile Include="Render\UI\Widget\Private\FPSWidget.cpp">
      <Filter>Render\UI\Widget\Private</Filter>
    </ClCompile>
    <ClCompile Include="Render\UI\Widget\Private\InputInformationWidget.cpp">
      <Filter>Render\UI\Widget\Private</Filter>
    </ClCompile>
    <ClCompile Include="Render\UI\Widget\Private\PrimitiveSpawnWidget.cpp">
      <Filter>Render\UI\Widget\Private</Filter>
    </ClCompile>
    <ClCompile Include="Render\UI\Widget\Private\SceneHierarchyWidget.cpp">
      <Filter>Render\UI\Widget\Private</Filter>
    </ClCompile>
    <ClCompile Include="Render\UI\Widget\Private\SceneIOWidget.cpp">
      <Filter>Render\UI\Widget\Private</Filter>
    </ClCompile>
    <ClCompile Include="Render\UI\Widget\Private\TargetActorTransformWidget.cpp">
      <Filter>Render\UI\Widget\Private</Filter>
    </ClCompile>
    <ClCompile Include="Render\UI\Widget\Private\Widget.cpp">
      <Filter>Render\UI\Widget\Private</Filter>
    </ClCompile>
    <ClCompile Include="Render\UI\Window\Private\ConsoleWindow.cpp">
      <Filter>Render\UI\Window\Private</Filter>
    </ClCompile>
    <ClCompile Include="Render\UI\Window\Private\ControlPanelWindow.cpp">
      <Filter>Render\UI\Window\Private</Filter>
    </ClCompile>
    <ClCompile Include="Render\UI\Window\Private\ExperimentalFeatureWindow.cpp">
      <Filter>Render\UI\Window\Private</Filter>
    </ClCompile>
    <ClCompile Include="Render\UI\Window\Private\OutlinerWindow.cpp">
      <Filter>Render\UI\Window\Private</Filter>
    </ClCompile>
    <ClCompile Include="Render\UI\Window\Private\SceneManagerWindow.cpp">
      <Filter>Render\UI\Window\Private</Filter>
    </ClCompile>
    <ClCompile Include="Render\UI\Window\Private\UIWindow.cpp">
      <Filter>Render\UI\Window\Private</Filter>
    </ClCompile>
    <ClCompile Include="Render\UI\Factory\Private\UIWindowFactory.cpp">
      <Filter>Render\UI\Factory\Private</Filter>
    </ClCompile>
    <ClCompile Include="Render\UI\ImGui\Private\ImGuiHelper.cpp">
      <Filter>Render\UI\ImGui\Private</Filter>
    </ClCompile>
    <ClCompile Include="Render\Renderer\Private\DeviceResources.cpp">
      <Filter>Render\Renderer\Private</Filter>
    </ClCompile>
    <ClCompile Include="Render\Renderer\Private\Pipeline.cpp">
      <Filter>Render\Renderer\Private</Filter>
    </ClCompile>
    <ClCompile Include="Render\Renderer\Private\Renderer.cpp">
      <Filter>Render\Renderer\Private</Filter>
    </ClCompile>
    <ClCompile Include="Core\Private\Class.cpp">
      <Filter>Core\Private</Filter>
    </ClCompile>
    <ClCompile Include="Core\Private\Name.cpp">
      <Filter>Core\Private</Filter>
    </ClCompile>
    <ClCompile Include="Core\Private\Object.cpp">
      <Filter>Core\Private</Filter>
    </ClCompile>
    <ClCompile Include="Core\Private\AppWindow.cpp">
      <Filter>Core\Private</Filter>
    </ClCompile>
    <ClCompile Include="Core\Private\ClientApp.cpp">
      <Filter>Core\Private</Filter>
    </ClCompile>
    <ClCompile Include="Global\Matrix.cpp">
      <Filter>Global</Filter>
    </ClCompile>
    <ClCompile Include="Global\Memory.cpp">
      <Filter>Global</Filter>
    </ClCompile>
    <ClCompile Include="Global\Vector.cpp">
      <Filter>Global</Filter>
    </ClCompile>
    <ClCompile Include="Editor\Private\BatchLines.cpp">
      <Filter>Editor\Private</Filter>
    </ClCompile>
    <ClCompile Include="Editor\Private\Axis.cpp">
      <Filter>Editor\Private</Filter>
    </ClCompile>
    <ClCompile Include="Editor\Private\BoundingBoxLines.cpp">
      <Filter>Editor\Private</Filter>
    </ClCompile>
    <ClCompile Include="Editor\Private\Camera.cpp">
      <Filter>Editor\Private</Filter>
    </ClCompile>
    <ClCompile Include="Editor\Private\Editor.cpp">
      <Filter>Editor\Private</Filter>
    </ClCompile>
    <ClCompile Include="Editor\Private\Gizmo.cpp">
      <Filter>Editor\Private</Filter>
    </ClCompile>
    <ClCompile Include="Editor\Private\Grid.cpp">
      <Filter>Editor\Private</Filter>
    </ClCompile>
    <ClCompile Include="Editor\Private\ObjectPicker.cpp">
      <Filter>Editor\Private</Filter>
    </ClCompile>
    <ClCompile Include="ImGui\imgui.cpp">
      <Filter>ImGui</Filter>
    </ClCompile>
    <ClCompile Include="ImGui\imgui_demo.cpp">
      <Filter>ImGui</Filter>
    </ClCompile>
    <ClCompile Include="ImGui\imgui_draw.cpp">
      <Filter>ImGui</Filter>
    </ClCompile>
    <ClCompile Include="ImGui\imgui_impl_dx11.cpp">
      <Filter>ImGui</Filter>
    </ClCompile>
    <ClCompile Include="ImGui\imgui_impl_win32.cpp">
      <Filter>ImGui</Filter>
    </ClCompile>
    <ClCompile Include="ImGui\imgui_tables.cpp">
      <Filter>ImGui</Filter>
    </ClCompile>
    <ClCompile Include="ImGui\imgui_widgets.cpp">
      <Filter>ImGui</Filter>
    </ClCompile>
    <ClCompile Include="Level\Private\Level.cpp">
      <Filter>Level\Private</Filter>
    </ClCompile>
    <ClCompile Include="Mesh\Private\AABB.cpp">
      <Filter>Mesh\Private</Filter>
    </ClCompile>
    <ClCompile Include="Mesh\Private\Actor.cpp">
      <Filter>Mesh\Private</Filter>
    </ClCompile>
    <ClCompile Include="Mesh\Private\ActorComponent.cpp">
      <Filter>Mesh\Private</Filter>
    </ClCompile>
    <ClCompile Include="Mesh\Private\BillBoardComponent.cpp">
      <Filter>Mesh\Private</Filter>
    </ClCompile>
    <ClCompile Include="Mesh\Private\BoundingSphere.cpp">
      <Filter>Mesh\Private</Filter>
    </ClCompile>
    <ClCompile Include="Mesh\Private\CubeActor.cpp">
      <Filter>Mesh\Private</Filter>
    </ClCompile>
    <ClCompile Include="Mesh\Private\CubeComponent.cpp">
      <Filter>Mesh\Private</Filter>
    </ClCompile>
    <ClCompile Include="Mesh\Private\LineComponent.cpp">
      <Filter>Mesh\Private</Filter>
    </ClCompile>
    <ClCompile Include="Mesh\Private\PrimitiveComponent.cpp">
      <Filter>Mesh\Private</Filter>
    </ClCompile>
    <ClCompile Include="Mesh\Private\SceneComponent.cpp">
      <Filter>Mesh\Private</Filter>
    </ClCompile>
    <ClCompile Include="Mesh\Private\SphereActor.cpp">
      <Filter>Mesh\Private</Filter>
    </ClCompile>
    <ClCompile Include="Mesh\Private\SphereComponent.cpp">
      <Filter>Mesh\Private</Filter>
    </ClCompile>
    <ClCompile Include="Mesh\Private\SquareActor.cpp">
      <Filter>Mesh\Private</Filter>
    </ClCompile>
    <ClCompile Include="Mesh\Private\SquareComponent.cpp">
      <Filter>Mesh\Private</Filter>
    </ClCompile>
    <ClCompile Include="Mesh\Private\TriangleActor.cpp">
      <Filter>Mesh\Private</Filter>
    </ClCompile>
    <ClCompile Include="Mesh\Private\TriangleComponent.cpp">
      <Filter>Mesh\Private</Filter>
    </ClCompile>
    <ClCompile Include="Mesh\Private\VertexDatas.cpp">
      <Filter>Mesh\Private</Filter>
    </ClCompile>
    <ClCompile Include="Global\Quaternion.cpp">
      <Filter>Global</Filter>
    </ClCompile>
  </ItemGroup>
  <ItemGroup>
    <ClInclude Include="pch.h" />
    <ClInclude Include="Global\EnumReflection.h">
      <Filter>Global</Filter>
    </ClInclude>
    <ClInclude Include="Core\Public\Name.h">
      <Filter>Core\Public</Filter>
    </ClInclude>
    <ClInclude Include="Core\Public\ClientApp.h">
      <Filter>Core\Public</Filter>
    </ClInclude>
    <ClInclude Include="Editor\Public\Axis.h">
      <Filter>Editor\Public</Filter>
    </ClInclude>
    <ClInclude Include="pch.h" />
    <ClInclude Include="Factory\Actor\Public\ActorFactory.h">
      <Filter>Factory\Actor\Public</Filter>
    </ClInclude>
    <ClInclude Include="Factory\Actor\Public\CubeActorFactory.h">
      <Filter>Factory\Actor\Public</Filter>
    </ClInclude>
    <ClInclude Include="Factory\Actor\Public\SphereActorFactory.h">
      <Filter>Factory\Actor\Public</Filter>
    </ClInclude>
    <ClInclude Include="Factory\Actor\Public\SquareActorFactory.h">
      <Filter>Factory\Actor\Public</Filter>
    </ClInclude>
    <ClInclude Include="Factory\Actor\Public\TriangleActorFactory.h">
      <Filter>Factory\Actor\Public</Filter>
    </ClInclude>
    <ClInclude Include="Factory\Component\Public\ComponentFactory.h">
      <Filter>Factory\Component\Public</Filter>
    </ClInclude>
    <ClInclude Include="Factory\Public\Factory.h">
      <Filter>Factory\Public</Filter>
    </ClInclude>
    <ClInclude Include="Factory\Public\FactorySystem.h">
      <Filter>Factory\Public</Filter>
    </ClInclude>
    <ClInclude Include="Factory\Public\NewObject.h">
      <Filter>Factory\Public</Filter>
    </ClInclude>
    <ClInclude Include="Manager\Asset\Public\AssetManager.h">
      <Filter>Manager\Asset\Public</Filter>
    </ClInclude>
    <ClInclude Include="Manager\Input\Public\InputManager.h">
      <Filter>Manager\Input\Public</Filter>
    </ClInclude>
    <ClInclude Include="Manager\Level\Public\LevelManager.h">
      <Filter>Manager\Level\Public</Filter>
    </ClInclude>
    <ClInclude Include="Manager\Path\Public\PathManager.h">
      <Filter>Manager\Path\Public</Filter>
    </ClInclude>
    <ClInclude Include="Manager\Time\Public\TimeManager.h">
      <Filter>Manager\Time\Public</Filter>
    </ClInclude>
    <ClInclude Include="Manager\UI\Public\UIManager.h">
      <Filter>Manager\UI\Public</Filter>
    </ClInclude>
    <ClInclude Include="Manager\Config\Public\ConfigManager.h">
      <Filter>Manager\Config\Public</Filter>
    </ClInclude>
    <ClInclude Include="Resource\Texture\Public\Texture.h">
      <Filter>Resource\Texture\Public</Filter>
    </ClInclude>
    <ClInclude Include="Utility\Public\JsonSerializer.h">
      <Filter>Utility\Public</Filter>
    </ClInclude>
    <ClInclude Include="Utility\Public\Metadata.h">
      <Filter>Utility\Public</Filter>
    </ClInclude>
    <ClInclude Include="Utility\Public\UELogParser.h">
      <Filter>Utility\Public</Filter>
    </ClInclude>
    <ClInclude Include="Render\FontRenderer\Public\FontRenderer.h">
      <Filter>Render\FontRenderer\Public</Filter>
    </ClInclude>
    <ClInclude Include="Render\UI\Widget\Public\ActorTerminationWidget.h">
      <Filter>Render\UI\Widget\Public</Filter>
    </ClInclude>
    <ClInclude Include="Render\UI\Widget\Public\CameraControlWidget.h">
      <Filter>Render\UI\Widget\Public</Filter>
    </ClInclude>
    <ClInclude Include="Render\UI\Widget\Public\ConsoleWidget.h">
      <Filter>Render\UI\Widget\Public</Filter>
    </ClInclude>
    <ClInclude Include="Render\UI\Widget\Public\FPSWidget.h">
      <Filter>Render\UI\Widget\Public</Filter>
    </ClInclude>
    <ClInclude Include="Render\UI\Widget\Public\InputInformationWidget.h">
      <Filter>Render\UI\Widget\Public</Filter>
    </ClInclude>
    <ClInclude Include="Render\UI\Widget\Public\PrimitiveSpawnWidget.h">
      <Filter>Render\UI\Widget\Public</Filter>
    </ClInclude>
    <ClInclude Include="Render\UI\Widget\Public\SceneHierarchyWidget.h">
      <Filter>Render\UI\Widget\Public</Filter>
    </ClInclude>
    <ClInclude Include="Render\UI\Widget\Public\SceneIOWidget.h">
      <Filter>Render\UI\Widget\Public</Filter>
    </ClInclude>
    <ClInclude Include="Render\UI\Widget\Public\TargetActorTransformWidget.h">
      <Filter>Render\UI\Widget\Public</Filter>
    </ClInclude>
    <ClInclude Include="Render\UI\Widget\Public\Widget.h">
      <Filter>Render\UI\Widget\Public</Filter>
    </ClInclude>
    <ClInclude Include="Render\UI\Window\Public\ConsoleWindow.h">
      <Filter>Render\UI\Window\Public</Filter>
    </ClInclude>
    <ClInclude Include="Render\UI\Window\Public\ControlPanelWindow.h">
      <Filter>Render\UI\Window\Public</Filter>
    </ClInclude>
    <ClInclude Include="Render\UI\Window\Public\ExperimentalFeatureWindow.h">
      <Filter>Render\UI\Window\Public</Filter>
    </ClInclude>
    <ClInclude Include="Render\UI\Window\Public\OutlinerWindow.h">
      <Filter>Render\UI\Window\Public</Filter>
    </ClInclude>
    <ClInclude Include="Render\UI\Window\Public\SceneManagerWindow.h">
      <Filter>Render\UI\Window\Public</Filter>
    </ClInclude>
    <ClInclude Include="Render\UI\Window\Public\UIWindow.h">
      <Filter>Render\UI\Window\Public</Filter>
    </ClInclude>
    <ClInclude Include="Render\UI\Factory\Public\UIWindowFactory.h">
      <Filter>Render\UI\Factory\Public</Filter>
    </ClInclude>
    <ClInclude Include="Render\UI\ImGui\Public\ImGuiHelper.h">
      <Filter>Render\UI\ImGui\Public</Filter>
    </ClInclude>
    <ClInclude Include="Render\Renderer\Public\DeviceResources.h">
      <Filter>Render\Renderer\Public</Filter>
    </ClInclude>
    <ClInclude Include="Render\Renderer\Public\Pipeline.h">
      <Filter>Render\Renderer\Public</Filter>
    </ClInclude>
    <ClInclude Include="Render\Renderer\Public\Renderer.h">
      <Filter>Render\Renderer\Public</Filter>
    </ClInclude>
    <ClInclude Include="Core\Public\ObjectPtr.h">
      <Filter>Core\Public</Filter>
    </ClInclude>
    <ClInclude Include="Core\Public\Class.h">
      <Filter>Core\Public</Filter>
    </ClInclude>
    <ClInclude Include="Core\Public\Name.h">
      <Filter>Core\Public</Filter>
    </ClInclude>
    <ClInclude Include="Core\Public\Object.h">
      <Filter>Core\Public</Filter>
    </ClInclude>
    <ClInclude Include="Core\Public\AppWindow.h">
      <Filter>Core\Public</Filter>
    </ClInclude>
    <ClInclude Include="Core\Public\ClientApp.h">
      <Filter>Core\Public</Filter>
    </ClInclude>
    <ClInclude Include="Core\Public\EngineStatics.h">
      <Filter>Core\Public</Filter>
    </ClInclude>
    <ClInclude Include="Global\Constant.h">
      <Filter>Global</Filter>
    </ClInclude>
    <ClInclude Include="Global\CoreTypes.h">
      <Filter>Global</Filter>
    </ClInclude>
    <ClInclude Include="Global\Enum.h">
      <Filter>Global</Filter>
    </ClInclude>
    <ClInclude Include="Global\EnumReflection.h">
      <Filter>Global</Filter>
    </ClInclude>
    <ClInclude Include="Global\Function.h">
      <Filter>Global</Filter>
    </ClInclude>
    <ClInclude Include="Global\Macro.h">
      <Filter>Global</Filter>
    </ClInclude>
    <ClInclude Include="Global\Matrix.h">
      <Filter>Global</Filter>
    </ClInclude>
    <ClInclude Include="Global\Memory.h">
      <Filter>Global</Filter>
    </ClInclude>
    <ClInclude Include="Global\Types.h">
      <Filter>Global</Filter>
    </ClInclude>
    <ClInclude Include="Global\Vector.h">
      <Filter>Global</Filter>
    </ClInclude>
    <ClInclude Include="Editor\Public\BatchLines.h">
      <Filter>Editor\Public</Filter>
    </ClInclude>
    <ClInclude Include="Editor\Public\Axis.h">
      <Filter>Editor\Public</Filter>
    </ClInclude>
    <ClInclude Include="Editor\Public\BoundingBoxLines.h">
      <Filter>Editor\Public</Filter>
    </ClInclude>
    <ClInclude Include="Editor\Public\Camera.h">
      <Filter>Editor\Public</Filter>
    </ClInclude>
    <ClInclude Include="Editor\Public\Editor.h">
      <Filter>Editor\Public</Filter>
    </ClInclude>
    <ClInclude Include="Editor\Public\EditorPrimitive.h">
      <Filter>Editor\Public</Filter>
    </ClInclude>
    <ClInclude Include="Editor\Public\Gizmo.h">
      <Filter>Editor\Public</Filter>
    </ClInclude>
    <ClInclude Include="Editor\Public\Grid.h">
      <Filter>Editor\Public</Filter>
    </ClInclude>
    <ClInclude Include="Editor\Public\ObjectPicker.h">
      <Filter>Editor\Public</Filter>
    </ClInclude>
    <ClInclude Include="ImGui\imconfig.h">
      <Filter>ImGui</Filter>
    </ClInclude>
    <ClInclude Include="ImGui\imgui.h">
      <Filter>ImGui</Filter>
    </ClInclude>
    <ClInclude Include="ImGui\imgui_impl_dx11.h">
      <Filter>ImGui</Filter>
    </ClInclude>
    <ClInclude Include="ImGui\imgui_impl_win32.h">
      <Filter>ImGui</Filter>
    </ClInclude>
    <ClInclude Include="ImGui\imgui_internal.h">
      <Filter>ImGui</Filter>
    </ClInclude>
    <ClInclude Include="ImGui\imstb_rectpack.h">
      <Filter>ImGui</Filter>
    </ClInclude>
    <ClInclude Include="ImGui\imstb_textedit.h">
      <Filter>ImGui</Filter>
    </ClInclude>
    <ClInclude Include="ImGui\imstb_truetype.h">
      <Filter>ImGui</Filter>
    </ClInclude>
    <ClInclude Include="Level\Public\Level.h">
      <Filter>Level\Public</Filter>
    </ClInclude>
    <ClInclude Include="Mesh\Public\AABB.h">
      <Filter>Mesh\Public</Filter>
    </ClInclude>
    <ClInclude Include="Mesh\Public\Actor.h">
      <Filter>Mesh\Public</Filter>
    </ClInclude>
    <ClInclude Include="Mesh\Public\ActorComponent.h">
      <Filter>Mesh\Public</Filter>
    </ClInclude>
    <ClInclude Include="Mesh\Public\BoundingSphere.h">
      <Filter>Mesh\Public</Filter>
    </ClInclude>
    <ClInclude Include="Mesh\Public\BoundingVolume.h">
      <Filter>Mesh\Public</Filter>
    </ClInclude>
    <ClInclude Include="Mesh\Public\CubeActor.h">
      <Filter>Mesh\Public</Filter>
    </ClInclude>
    <ClInclude Include="Mesh\Public\CubeComponent.h">
      <Filter>Mesh\Public</Filter>
    </ClInclude>
    <ClInclude Include="Mesh\Public\LineComponent.h">
      <Filter>Mesh\Public</Filter>
    </ClInclude>
    <ClInclude Include="Mesh\Public\PrimitiveComponent.h">
      <Filter>Mesh\Public</Filter>
    </ClInclude>
    <ClInclude Include="Mesh\Public\SceneComponent.h">
      <Filter>Mesh\Public</Filter>
    </ClInclude>
    <ClInclude Include="Mesh\Public\SphereActor.h">
      <Filter>Mesh\Public</Filter>
    </ClInclude>
    <ClInclude Include="Mesh\Public\SphereComponent.h">
      <Filter>Mesh\Public</Filter>
    </ClInclude>
    <ClInclude Include="Mesh\Public\SquareActor.h">
      <Filter>Mesh\Public</Filter>
    </ClInclude>
    <ClInclude Include="Mesh\Public\SquareComponent.h">
      <Filter>Mesh\Public</Filter>
    </ClInclude>
    <ClInclude Include="Mesh\Public\TriangleActor.h">
      <Filter>Mesh\Public</Filter>
    </ClInclude>
    <ClInclude Include="Mesh\Public\TriangleComponent.h">
      <Filter>Mesh\Public</Filter>
    </ClInclude>
    <ClInclude Include="Mesh\Public\VertexDatas.h">
      <Filter>Mesh\Public</Filter>
    </ClInclude>
    <ClInclude Include="Mesh\Sample\Rectangle.h">
      <Filter>Mesh\Sample</Filter>
    </ClInclude>
    <ClInclude Include="Mesh\Sample\Sphere.h">
      <Filter>Mesh\Sample</Filter>
    </ClInclude>
    <ClInclude Include="Mesh\Sample\Triangle.h">
      <Filter>Mesh\Sample</Filter>
    </ClInclude>
    <ClInclude Include="Mesh\Public\BillBoardComponent.h">
      <Filter>Mesh\Public</Filter>
    </ClInclude>
  </ItemGroup>
  <ItemGroup>
    <FxCompile Include="Asset\Shader\SampleShader.hlsl">
      <Filter>Asset\Shader</Filter>
    </FxCompile>
    <FxCompile Include="Asset\Shader\BatchLinePS.hlsl">
      <Filter>Asset\Shader</Filter>
    </FxCompile>
    <FxCompile Include="Asset\Shader\BatchLineVS.hlsl">
      <Filter>Asset\Shader</Filter>
    </FxCompile>
    <FxCompile Include="Asset\Shader\ShaderFont.hlsl">
      <Filter>Asset\Shader</Filter>
    </FxCompile>
  </ItemGroup>
  <ItemGroup>
    <ResourceCompile Include="Engine.rc" />
  </ItemGroup>
  <ItemGroup>
    <Filter Include="Factory">
      <UniqueIdentifier>{983fb450-27f4-450a-8e30-198a27da2ee4}</UniqueIdentifier>
    </Filter>
    <Filter Include="Factory\Actor">
      <UniqueIdentifier>{085392bc-6e58-49ac-ac78-ac62d426f861}</UniqueIdentifier>
    </Filter>
    <Filter Include="Factory\Actor\Private">
      <UniqueIdentifier>{5b0a0af0-d59f-46f1-bd11-656aab0bbaa5}</UniqueIdentifier>
    </Filter>
    <Filter Include="Factory\Actor\Public">
      <UniqueIdentifier>{43b30d6f-9f2d-4e7d-855f-9afae2989574}</UniqueIdentifier>
    </Filter>
    <Filter Include="Factory\Component">
      <UniqueIdentifier>{1eb56c21-503f-4c4b-b5db-f003869555af}</UniqueIdentifier>
    </Filter>
    <Filter Include="Factory\Component\Private">
      <UniqueIdentifier>{b6ecae33-5c7a-4de1-877c-2b86d17f95b4}</UniqueIdentifier>
    </Filter>
    <Filter Include="Factory\Component\Public">
      <UniqueIdentifier>{4f26a1d7-c5ab-443a-a340-b0f0d85b9130}</UniqueIdentifier>
    </Filter>
    <Filter Include="Factory\Private">
      <UniqueIdentifier>{0624a9fc-cca7-469b-b195-d6cd86650d08}</UniqueIdentifier>
    </Filter>
    <Filter Include="Factory\Public">
      <UniqueIdentifier>{2b952e93-9fd9-4b27-befb-1a066fde4074}</UniqueIdentifier>
    </Filter>
    <Filter Include="Manager">
      <UniqueIdentifier>{e6aba4ce-8cc3-41a0-8118-dc87a6e1e95e}</UniqueIdentifier>
    </Filter>
    <Filter Include="Manager\Asset">
      <UniqueIdentifier>{f0759584-0d8e-4d90-9c14-5c9f030551e1}</UniqueIdentifier>
    </Filter>
    <Filter Include="Manager\Asset\Private">
      <UniqueIdentifier>{2c135467-bd7a-4734-8061-3c79b4307dc0}</UniqueIdentifier>
    </Filter>
    <Filter Include="Manager\Asset\Public">
      <UniqueIdentifier>{7c7caed8-f479-4952-bc46-27d6f4d348e8}</UniqueIdentifier>
    </Filter>
    <Filter Include="Manager\Input">
      <UniqueIdentifier>{5eb03dcc-477a-4baf-9a20-525b33622233}</UniqueIdentifier>
    </Filter>
    <Filter Include="Manager\Input\Private">
      <UniqueIdentifier>{b881e31f-d0bf-4341-9ab8-ea191a5524e0}</UniqueIdentifier>
    </Filter>
    <Filter Include="Manager\Input\Public">
      <UniqueIdentifier>{b4061209-40ff-4d6f-9cf7-44393507df99}</UniqueIdentifier>
    </Filter>
    <Filter Include="Manager\Level">
      <UniqueIdentifier>{2e48d3b0-28eb-459a-8354-8602ab74a429}</UniqueIdentifier>
    </Filter>
    <Filter Include="Manager\Level\Private">
      <UniqueIdentifier>{ff3a0af9-d482-4e09-b684-3ba76ad60528}</UniqueIdentifier>
    </Filter>
    <Filter Include="Manager\Level\Public">
      <UniqueIdentifier>{a6921923-49b2-49f9-9708-5429a3592895}</UniqueIdentifier>
    </Filter>
    <Filter Include="Manager\Path">
      <UniqueIdentifier>{b6944e87-4359-4003-8577-01ddf80c924f}</UniqueIdentifier>
    </Filter>
    <Filter Include="Manager\Path\Private">
      <UniqueIdentifier>{d87a99ed-2457-40e8-8b0e-a68ee94dc9b8}</UniqueIdentifier>
    </Filter>
    <Filter Include="Manager\Path\Public">
      <UniqueIdentifier>{3fec97d8-7fc8-4338-a274-48a642d3763b}</UniqueIdentifier>
    </Filter>
    <Filter Include="Manager\Time">
      <UniqueIdentifier>{962892a0-def4-4bda-8f38-c0d13e35a295}</UniqueIdentifier>
    </Filter>
    <Filter Include="Manager\Time\Private">
      <UniqueIdentifier>{8fef8628-1c5a-4047-ad8e-4aa66f06baf4}</UniqueIdentifier>
    </Filter>
    <Filter Include="Manager\Time\Public">
      <UniqueIdentifier>{0183c2e0-6cfd-423c-b811-e40267dcfc32}</UniqueIdentifier>
    </Filter>
    <Filter Include="Manager\UI">
      <UniqueIdentifier>{08783e0b-8c92-44ca-8ce6-ca3d6ca08175}</UniqueIdentifier>
    </Filter>
    <Filter Include="Manager\UI\Private">
      <UniqueIdentifier>{ceab42e3-88ff-4e46-9bdf-a8c4a88e73cf}</UniqueIdentifier>
    </Filter>
    <Filter Include="Manager\UI\Public">
      <UniqueIdentifier>{587f840e-8cc3-4cd9-8708-e7deee98b82f}</UniqueIdentifier>
    </Filter>
    <Filter Include="Manager\Config">
      <UniqueIdentifier>{3fd259f3-1067-4982-b0a6-034bbe4206c4}</UniqueIdentifier>
    </Filter>
    <Filter Include="Manager\Config\Public">
      <UniqueIdentifier>{3015a44b-9698-45c3-9343-59728f068cd8}</UniqueIdentifier>
    </Filter>
    <Filter Include="Manager\Config\Private">
      <UniqueIdentifier>{f5eedbe5-5c5f-4be4-800d-34475b924f45}</UniqueIdentifier>
    </Filter>
    <Filter Include="Resource">
      <UniqueIdentifier>{dcf7f31d-fc32-453c-80ab-479cb78eb88c}</UniqueIdentifier>
    </Filter>
    <Filter Include="Resource\Texture">
      <UniqueIdentifier>{cf1f29c2-e5db-4981-87bb-71f1489d61c2}</UniqueIdentifier>
    </Filter>
    <Filter Include="Resource\Texture\Private">
      <UniqueIdentifier>{9a83deca-7457-4442-9f0a-8a9fdfb3e47e}</UniqueIdentifier>
    </Filter>
    <Filter Include="Resource\Texture\Public">
      <UniqueIdentifier>{c0cd4abd-f93c-4cc1-8533-2458a16f7804}</UniqueIdentifier>
    </Filter>
    <Filter Include="Utility">
      <UniqueIdentifier>{2a64b5f1-d28c-45e0-ba4b-67f333f71e87}</UniqueIdentifier>
    </Filter>
    <Filter Include="Utility\Private">
      <UniqueIdentifier>{702ce88a-74c2-4915-a8c9-cfb02eb1523d}</UniqueIdentifier>
    </Filter>
    <Filter Include="Utility\Public">
      <UniqueIdentifier>{e64fddd0-e03c-4283-ae4a-03afa1dc0021}</UniqueIdentifier>
    </Filter>
    <Filter Include="Render">
      <UniqueIdentifier>{852708ce-55ef-4b72-841a-ccdf02ef38cc}</UniqueIdentifier>
    </Filter>
    <Filter Include="Render\FontRenderer">
      <UniqueIdentifier>{39e7072b-8af7-463c-a1a8-f7338422bedc}</UniqueIdentifier>
    </Filter>
    <Filter Include="Render\FontRenderer\Private">
      <UniqueIdentifier>{50143883-f413-4881-9c4f-0e6c1b620d2f}</UniqueIdentifier>
    </Filter>
    <Filter Include="Render\FontRenderer\Public">
      <UniqueIdentifier>{15e8a177-d422-4791-809d-d1ab5133537e}</UniqueIdentifier>
    </Filter>
    <Filter Include="Render\UI">
      <UniqueIdentifier>{eafb0071-fcbb-49e6-9449-4216ab97144d}</UniqueIdentifier>
    </Filter>
    <Filter Include="Render\UI\Widget">
      <UniqueIdentifier>{dfd855a6-fc51-455b-b5bf-c8b14e768bf6}</UniqueIdentifier>
    </Filter>
    <Filter Include="Render\UI\Widget\Private">
      <UniqueIdentifier>{7d3d6318-2e1f-4069-9562-d196ac30b568}</UniqueIdentifier>
    </Filter>
    <Filter Include="Render\UI\Widget\Public">
      <UniqueIdentifier>{785b03f1-ea8c-4253-97f5-75f9dffa5fc9}</UniqueIdentifier>
    </Filter>
    <Filter Include="Render\UI\Window">
      <UniqueIdentifier>{023d879c-90df-404b-9a1f-44cdca350db2}</UniqueIdentifier>
    </Filter>
    <Filter Include="Render\UI\Window\Private">
      <UniqueIdentifier>{516d4674-b03f-42bb-a2e3-f0ae73434b15}</UniqueIdentifier>
    </Filter>
    <Filter Include="Render\UI\Window\Public">
      <UniqueIdentifier>{f3c346e7-1592-412b-9cf9-9c115ee19016}</UniqueIdentifier>
    </Filter>
    <Filter Include="Render\UI\Factory">
      <UniqueIdentifier>{ef002771-44cd-4800-95ae-9551c0f954bf}</UniqueIdentifier>
    </Filter>
    <Filter Include="Render\UI\Factory\Private">
      <UniqueIdentifier>{513391d1-393c-4310-b5af-4fa61b652b8d}</UniqueIdentifier>
    </Filter>
    <Filter Include="Render\UI\Factory\Public">
      <UniqueIdentifier>{1545779c-b78e-4243-9600-dc8cbe17b23d}</UniqueIdentifier>
    </Filter>
    <Filter Include="Render\UI\ImGui">
      <UniqueIdentifier>{407a6a33-de77-4b35-9292-b3ef885a089e}</UniqueIdentifier>
    </Filter>
    <Filter Include="Render\UI\ImGui\Private">
      <UniqueIdentifier>{d4992da2-a98e-4abb-8f13-75a18a30bae0}</UniqueIdentifier>
    </Filter>
    <Filter Include="Render\UI\ImGui\Public">
      <UniqueIdentifier>{f412c889-7169-483a-9277-958dcc87799d}</UniqueIdentifier>
    </Filter>
    <Filter Include="Render\Renderer">
      <UniqueIdentifier>{7200a69e-3d50-4b03-ab11-48a62c3ea172}</UniqueIdentifier>
    </Filter>
    <Filter Include="Render\Renderer\Private">
      <UniqueIdentifier>{ff81cbe0-073b-48b1-9567-6119a60b8a88}</UniqueIdentifier>
    </Filter>
    <Filter Include="Render\Renderer\Public">
      <UniqueIdentifier>{e976236e-665f-4393-8c0d-a2d917da6de0}</UniqueIdentifier>
    </Filter>
    <Filter Include="Core">
      <UniqueIdentifier>{9985c584-091c-47a3-8b61-6d2457650a48}</UniqueIdentifier>
    </Filter>
    <Filter Include="Core\Public">
      <UniqueIdentifier>{4aa43fc1-eec4-4d07-bb97-f8dd1885f475}</UniqueIdentifier>
    </Filter>
    <Filter Include="Core\Private">
      <UniqueIdentifier>{ec90aca5-74d7-4baa-acad-64d0bb44d2d9}</UniqueIdentifier>
    </Filter>
    <Filter Include="Global">
      <UniqueIdentifier>{27214419-410c-4dea-85cb-27249b09b50c}</UniqueIdentifier>
    </Filter>
    <Filter Include="Asset">
      <UniqueIdentifier>{33dba30f-5a8d-4193-a5c6-fee3458c0bdf}</UniqueIdentifier>
    </Filter>
    <Filter Include="Asset\Shader">
      <UniqueIdentifier>{8abbcbbb-9ac9-4f31-a44c-dedf822c92f8}</UniqueIdentifier>
    </Filter>
    <Filter Include="Editor">
      <UniqueIdentifier>{c6132dac-07e1-4733-9b3a-4c4a101c1b3b}</UniqueIdentifier>
    </Filter>
    <Filter Include="Editor\Private">
      <UniqueIdentifier>{12c80738-265e-4072-8b01-88942b78dbf1}</UniqueIdentifier>
    </Filter>
    <Filter Include="Editor\Public">
      <UniqueIdentifier>{19773347-45cb-4b09-a876-5f19dc8bd802}</UniqueIdentifier>
    </Filter>
    <Filter Include="ImGui">
      <UniqueIdentifier>{286b2104-1a4c-44be-afd6-25ca312901ad}</UniqueIdentifier>
    </Filter>
    <Filter Include="Level">
      <UniqueIdentifier>{3eb08bf2-44ce-426c-9d30-274a50a82055}</UniqueIdentifier>
    </Filter>
    <Filter Include="Level\Private">
      <UniqueIdentifier>{f378be3d-28b3-45a6-a16c-f27986f9a5b8}</UniqueIdentifier>
    </Filter>
    <Filter Include="Level\Public">
      <UniqueIdentifier>{aef56118-3db3-4930-8207-e06950b6c015}</UniqueIdentifier>
    </Filter>
    <Filter Include="Mesh">
      <UniqueIdentifier>{0c0f780b-c59e-4e1d-93c8-8fe161d93f20}</UniqueIdentifier>
    </Filter>
    <Filter Include="Mesh\Private">
      <UniqueIdentifier>{6b791684-3a34-4c0c-a9ab-6eb452eea2b2}</UniqueIdentifier>
    </Filter>
    <Filter Include="Mesh\Public">
      <UniqueIdentifier>{2476f66e-c92c-4866-8671-13b7812f464e}</UniqueIdentifier>
    </Filter>
    <Filter Include="Mesh\Sample">
      <UniqueIdentifier>{2a8e1b13-4614-4b3f-acf1-2588631b1bb3}</UniqueIdentifier>
    </Filter>
  </ItemGroup>
</Project>