<?xml version="1.0" encoding="utf-8"?>
<Project ToolsVersion="4.0" xmlns="http://schemas.microsoft.com/developer/msbuild/2003">
  <ItemGroup>
    <FxCompile Include="Asset\Shader\SampleShader.hlsl">
      <Filter>Asset\Shader</Filter>
    </FxCompile>
    <FxCompile Include="Asset\Shader\BatchLinePS.hlsl">
      <Filter>Asset\Shader</Filter>
    </FxCompile>
    <FxCompile Include="Asset\Shader\BatchLineVS.hlsl">
      <Filter>Asset\Shader</Filter>
    </FxCompile>
    <FxCompile Include="Asset\Shader\ShaderFont.hlsl">
      <Filter>Asset\Shader</Filter>
    </FxCompile>
    <FxCompile Include="Asset\Shader\TextureShader.hlsl">
      <Filter>Asset\Shader</Filter>
    </FxCompile>
    <FxCompile Include="Asset\Shader\StaticMeshShader.hlsl">
      <Filter>Asset\Shader</Filter>
    </FxCompile>
  </ItemGroup>
  <ItemGroup>
    <ClCompile Include="pch.cpp" />
    <ClCompile Include="main.cpp" />
    <ClCompile Include="Source\Actor\Private\Actor.cpp">
      <Filter>Source\Actor\Private</Filter>
    </ClCompile>
    <ClCompile Include="Source\Actor\Private\CubeActor.cpp">
      <Filter>Source\Actor\Private</Filter>
    </ClCompile>
    <ClCompile Include="Source\Actor\Private\SphereActor.cpp">
      <Filter>Source\Actor\Private</Filter>
    </ClCompile>
    <ClCompile Include="Source\Actor\Private\SquareActor.cpp">
      <Filter>Source\Actor\Private</Filter>
    </ClCompile>
    <ClCompile Include="Source\Actor\Private\StaticMeshActor.cpp">
      <Filter>Source\Actor\Private</Filter>
    </ClCompile>
    <ClCompile Include="Source\Actor\Private\TriangleActor.cpp">
      <Filter>Source\Actor\Private</Filter>
    </ClCompile>
    <ClCompile Include="Source\Component\Mesh\Private\MeshComponent.cpp">
      <Filter>Source\Component\Mesh\Private</Filter>
    </ClCompile>
    <ClCompile Include="Source\Component\Mesh\Private\StaticMesh.cpp">
      <Filter>Source\Component\Mesh\Private</Filter>
    </ClCompile>
    <ClCompile Include="Source\Component\Mesh\Private\StaticMeshComponent.cpp">
      <Filter>Source\Component\Mesh\Private</Filter>
    </ClCompile>
    <ClCompile Include="Source\Component\Private\ActorComponent.cpp">
      <Filter>Source\Component\Private</Filter>
    </ClCompile>
    <ClCompile Include="Source\Component\Private\BillBoardComponent.cpp">
      <Filter>Source\Component\Private</Filter>
    </ClCompile>
    <ClCompile Include="Source\Component\Private\LineComponent.cpp">
      <Filter>Source\Component\Private</Filter>
    </ClCompile>
    <ClCompile Include="Source\Component\Private\PrimitiveComponent.cpp">
      <Filter>Source\Component\Private</Filter>
    </ClCompile>
    <ClCompile Include="Source\Component\Private\SceneComponent.cpp">
      <Filter>Source\Component\Private</Filter>
    </ClCompile>
    <ClCompile Include="Source\Component\Mesh\Private\CubeComponent.cpp">
      <Filter>Source\Component\Mesh\Private</Filter>
    </ClCompile>
    <ClCompile Include="Source\Component\Mesh\Private\SphereComponent.cpp">
      <Filter>Source\Component\Mesh\Private</Filter>
    </ClCompile>
    <ClCompile Include="Source\Component\Mesh\Private\SquareComponent.cpp">
      <Filter>Source\Component\Mesh\Private</Filter>
    </ClCompile>
    <ClCompile Include="Source\Component\Mesh\Private\TriangleComponent.cpp">
      <Filter>Source\Component\Mesh\Private</Filter>
    </ClCompile>
    <ClCompile Include="Source\Component\Mesh\Private\VertexDatas.cpp">
      <Filter>Source\Component\Mesh\Private</Filter>
    </ClCompile>
    <ClCompile Include="Source\Core\Private\ObjectIterator.cpp">
      <Filter>Source\Core\Private</Filter>
    </ClCompile>
    <ClCompile Include="Source\Editor\Private\SplitterWindow.cpp">
      <Filter>Source\Editor\Private</Filter>
    </ClCompile>
    <ClCompile Include="Source\Editor\Private\Viewport.cpp">
      <Filter>Source\Editor\Private</Filter>
    </ClCompile>
    <ClCompile Include="Source\Editor\Private\ViewportClient.cpp">
      <Filter>Source\Editor\Private</Filter>
    </ClCompile>
    <ClCompile Include="Source\Factory\Actor\Private\StaticMeshActorFactory.cpp">
      <Filter>Source\Factory\Actor\Private</Filter>
    </ClCompile>
    <ClCompile Include="Source\Global\Quaternion.cpp">
      <Filter>Source\Global</Filter>
    </ClCompile>
    <ClCompile Include="Source\Manager\Asset\Private\AssetManager.cpp">
      <Filter>Source\Manager\Asset\Private</Filter>
    </ClCompile>
    <ClCompile Include="Source\Manager\Asset\Private\ObjImporter.cpp">
      <Filter>Source\Manager\Asset\Private</Filter>
    </ClCompile>
    <ClCompile Include="Source\Manager\Asset\Private\ObjManager.cpp">
      <Filter>Source\Manager\Asset\Private</Filter>
    </ClCompile>
    <ClCompile Include="Source\Physics\Private\AABB.cpp">
      <Filter>Source\Physics\Private</Filter>
    </ClCompile>
    <ClCompile Include="Source\Physics\Private\BoundingSphere.cpp">
      <Filter>Source\Physics\Private</Filter>
    </ClCompile>
    <ClCompile Include="Source\Core\Private\AppWindow.cpp">
      <Filter>Source\Core\Private</Filter>
    </ClCompile>
    <ClCompile Include="Source\Core\Private\Class.cpp">
      <Filter>Source\Core\Private</Filter>
    </ClCompile>
    <ClCompile Include="Source\Core\Private\ClientApp.cpp">
      <Filter>Source\Core\Private</Filter>
    </ClCompile>
    <ClCompile Include="Source\Core\Private\Name.cpp">
      <Filter>Source\Core\Private</Filter>
    </ClCompile>
    <ClCompile Include="Source\Core\Private\Object.cpp">
      <Filter>Source\Core\Private</Filter>
    </ClCompile>
    <ClCompile Include="Source\Editor\Private\Axis.cpp">
      <Filter>Source\Editor\Private</Filter>
    </ClCompile>
    <ClCompile Include="Source\Editor\Private\BatchLines.cpp">
      <Filter>Source\Editor\Private</Filter>
    </ClCompile>
    <ClCompile Include="Source\Editor\Private\BoundingBoxLines.cpp">
      <Filter>Source\Editor\Private</Filter>
    </ClCompile>
    <ClCompile Include="Source\Editor\Private\Camera.cpp">
      <Filter>Source\Editor\Private</Filter>
    </ClCompile>
    <ClCompile Include="Source\Editor\Private\Editor.cpp">
      <Filter>Source\Editor\Private</Filter>
    </ClCompile>
    <ClCompile Include="Source\Editor\Private\Gizmo.cpp">
      <Filter>Source\Editor\Private</Filter>
    </ClCompile>
    <ClCompile Include="Source\Editor\Private\Grid.cpp">
      <Filter>Source\Editor\Private</Filter>
    </ClCompile>
    <ClCompile Include="Source\Editor\Private\ObjectPicker.cpp">
      <Filter>Source\Editor\Private</Filter>
    </ClCompile>
    <ClCompile Include="Source\Factory\Actor\Private\ActorFactory.cpp">
      <Filter>Source\Factory\Actor\Private</Filter>
    </ClCompile>
    <ClCompile Include="Source\Factory\Actor\Private\CubeActorFactory.cpp">
      <Filter>Source\Factory\Actor\Private</Filter>
    </ClCompile>
    <ClCompile Include="Source\Factory\Actor\Private\SphereActorFactory.cpp">
      <Filter>Source\Factory\Actor\Private</Filter>
    </ClCompile>
    <ClCompile Include="Source\Factory\Actor\Private\SquareActorFactory.cpp">
      <Filter>Source\Factory\Actor\Private</Filter>
    </ClCompile>
    <ClCompile Include="Source\Factory\Actor\Private\TriangleActorFactory.cpp">
      <Filter>Source\Factory\Actor\Private</Filter>
    </ClCompile>
    <ClCompile Include="Source\Factory\Component\Private\ComponentFactories.cpp">
      <Filter>Source\Factory\Component\Private</Filter>
    </ClCompile>
    <ClCompile Include="Source\Factory\Component\Private\ComponentFactory.cpp">
      <Filter>Source\Factory\Component\Private</Filter>
    </ClCompile>
    <ClCompile Include="Source\Factory\Private\Factory.cpp">
      <Filter>Source\Factory\Private</Filter>
    </ClCompile>
    <ClCompile Include="Source\Factory\Private\FactorySystem.cpp">
      <Filter>Source\Factory\Private</Filter>
    </ClCompile>
    <ClCompile Include="Source\Global\Matrix.cpp">
      <Filter>Source\Global</Filter>
    </ClCompile>
    <ClCompile Include="Source\Global\Memory.cpp">
      <Filter>Source\Global</Filter>
    </ClCompile>
    <ClCompile Include="Source\Global\Vector.cpp">
      <Filter>Source\Global</Filter>
    </ClCompile>
    <ClCompile Include="Source\ImGui\imgui.cpp">
      <Filter>Source\ImGui</Filter>
    </ClCompile>
    <ClCompile Include="Source\ImGui\imgui_demo.cpp">
      <Filter>Source\ImGui</Filter>
    </ClCompile>
    <ClCompile Include="Source\ImGui\imgui_draw.cpp">
      <Filter>Source\ImGui</Filter>
    </ClCompile>
    <ClCompile Include="Source\ImGui\imgui_impl_dx11.cpp">
      <Filter>Source\ImGui</Filter>
    </ClCompile>
    <ClCompile Include="Source\ImGui\imgui_impl_win32.cpp">
      <Filter>Source\ImGui</Filter>
    </ClCompile>
    <ClCompile Include="Source\ImGui\imgui_tables.cpp">
      <Filter>Source\ImGui</Filter>
    </ClCompile>
    <ClCompile Include="Source\ImGui\imgui_widgets.cpp">
      <Filter>Source\ImGui</Filter>
    </ClCompile>
    <ClCompile Include="Source\Level\Private\Level.cpp">
      <Filter>Source\Level\Private</Filter>
    </ClCompile>
    <ClCompile Include="Source\Manager\Config\Private\ConfigManager.cpp">
      <Filter>Source\Manager\Config\Private</Filter>
    </ClCompile>
    <ClCompile Include="Source\Manager\Input\Private\InputManager.cpp">
      <Filter>Source\Manager\Input\Private</Filter>
    </ClCompile>
    <ClCompile Include="Source\Manager\Level\Private\LevelManager.cpp">
      <Filter>Source\Manager\Level\Private</Filter>
    </ClCompile>
    <ClCompile Include="Source\Manager\Path\Private\PathManager.cpp">
      <Filter>Source\Manager\Path\Private</Filter>
    </ClCompile>
    <ClCompile Include="Source\Manager\Time\Private\TimeManager.cpp">
      <Filter>Source\Manager\Time\Private</Filter>
    </ClCompile>
    <ClCompile Include="Source\Manager\UI\Private\UIManager.cpp">
      <Filter>Source\Manager\UI\Private</Filter>
    </ClCompile>
    <ClCompile Include="Source\Render\Renderer\Private\DeviceResources.cpp">
      <Filter>Source\Render\Renderer\Private</Filter>
    </ClCompile>
    <ClCompile Include="Source\Render\Renderer\Private\Pipeline.cpp">
      <Filter>Source\Render\Renderer\Private</Filter>
    </ClCompile>
    <ClCompile Include="Source\Render\Renderer\Private\Renderer.cpp">
      <Filter>Source\Render\Renderer\Private</Filter>
    </ClCompile>
    <ClCompile Include="Source\Render\FontRenderer\Private\FontRenderer.cpp">
      <Filter>Source\Render\FontRenderer\Private</Filter>
    </ClCompile>
    <ClCompile Include="Source\Render\UI\Factory\Private\UIWindowFactory.cpp">
      <Filter>Source\Render\UI\Factory\Private</Filter>
    </ClCompile>
    <ClCompile Include="Source\Render\UI\ImGui\Private\ImGuiHelper.cpp">
      <Filter>Source\Render\UI\ImGui\Private</Filter>
    </ClCompile>
    <ClCompile Include="Source\Render\UI\Overlay\Private\StatOverlay.cpp">
      <Filter>Source\Render\UI\Overlay\Private</Filter>
    </ClCompile>
    <ClCompile Include="Source\Render\UI\Widget\Private\ActorDetailWidget.cpp">
      <Filter>Source\Render\UI\Widget\Private</Filter>
    </ClCompile>
    <ClCompile Include="Source\Render\UI\Widget\Private\ActorTerminationWidget.cpp">
      <Filter>Source\Render\UI\Widget\Private</Filter>
    </ClCompile>
    <ClCompile Include="Source\Render\UI\Widget\Private\CameraControlWIdget.cpp">
      <Filter>Source\Render\UI\Widget\Private</Filter>
    </ClCompile>
    <ClCompile Include="Source\Render\UI\Widget\Private\ConsoleWidget.cpp">
      <Filter>Source\Render\UI\Widget\Private</Filter>
    </ClCompile>
    <ClCompile Include="Source\Render\UI\Widget\Private\FPSWidget.cpp">
      <Filter>Source\Render\UI\Widget\Private</Filter>
    </ClCompile>
    <ClCompile Include="Source\Render\UI\Widget\Private\InputInformationWidget.cpp">
      <Filter>Source\Render\UI\Widget\Private</Filter>
    </ClCompile>
    <ClCompile Include="Source\Render\UI\Widget\Private\MainBarWidget.cpp">
      <Filter>Source\Render\UI\Widget\Private</Filter>
    </ClCompile>
    <ClCompile Include="Source\Render\UI\Widget\Private\PrimitiveSpawnWidget.cpp">
      <Filter>Source\Render\UI\Widget\Private</Filter>
    </ClCompile>
    <ClCompile Include="Source\Render\UI\Widget\Private\SceneHierarchyWidget.cpp">
      <Filter>Source\Render\UI\Widget\Private</Filter>
    </ClCompile>
    <ClCompile Include="Source\Render\UI\Widget\Private\SceneIOWidget.cpp">
      <Filter>Source\Render\UI\Widget\Private</Filter>
    </ClCompile>
    <ClCompile Include="Source\Render\UI\Widget\Private\SplitterDebugWidget.cpp">
      <Filter>Source\Render\UI\Widget\Private</Filter>
    </ClCompile>
    <ClCompile Include="Source\Render\UI\Widget\Private\StaticMeshComponentWidget.cpp">
      <Filter>Source\Render\UI\Widget\Private</Filter>
    </ClCompile>
    <ClCompile Include="Source\Render\UI\Widget\Private\TargetActorTransformWidget.cpp">
      <Filter>Source\Render\UI\Widget\Private</Filter>
    </ClCompile>
    <ClCompile Include="Source\Render\UI\Widget\Private\ViewportMenuBarWidget.cpp">
      <Filter>Source\Render\UI\Widget\Private</Filter>
    </ClCompile>
    <ClCompile Include="Source\Render\UI\Widget\Private\Widget.cpp">
      <Filter>Source\Render\UI\Widget\Private</Filter>
    </ClCompile>
    <ClCompile Include="Source\Render\UI\Window\Private\ConsoleWindow.cpp">
      <Filter>Source\Render\UI\Window\Private</Filter>
    </ClCompile>
    <ClCompile Include="Source\Render\UI\Window\Private\ControlPanelWindow.cpp">
      <Filter>Source\Render\UI\Window\Private</Filter>
    </ClCompile>
    <ClCompile Include="Source\Render\UI\Window\Private\EditorWindow.cpp">
      <Filter>Source\Render\UI\Window\Private</Filter>
    </ClCompile>
    <ClCompile Include="Source\Render\UI\Window\Private\ExperimentalFeatureWindow.cpp">
      <Filter>Source\Render\UI\Window\Private</Filter>
    </ClCompile>
    <ClCompile Include="Source\Render\UI\Window\Private\MainMenuWindow.cpp">
      <Filter>Source\Render\UI\Window\Private</Filter>
    </ClCompile>
    <ClCompile Include="Source\Render\UI\Window\Private\OutlinerWindow.cpp">
      <Filter>Source\Render\UI\Window\Private</Filter>
    </ClCompile>
    <ClCompile Include="Source\Render\UI\Window\Private\DetailWindow.cpp">
      <Filter>Source\Render\UI\Window\Private</Filter>
    </ClCompile>
    <ClCompile Include="Source\Render\UI\Window\Private\UIWindow.cpp">
      <Filter>Source\Render\UI\Window\Private</Filter>
    </ClCompile>
    <ClCompile Include="Source\Render\UI\Window\Private\ViewportClientWindow.cpp">
      <Filter>Source\Render\UI\Window\Private</Filter>
    </ClCompile>
    <ClCompile Include="Source\Texture\Private\Material.cpp">
      <Filter>Source\Texture\Private</Filter>
    </ClCompile>
    <ClCompile Include="Source\Texture\Private\Texture.cpp">
      <Filter>Source\Texture\Private</Filter>
    </ClCompile>
    <ClCompile Include="Source\Utility\Private\JsonSerializer.cpp">
      <Filter>Source\Utility\Private</Filter>
    </ClCompile>
    <ClCompile Include="Source\Utility\Private\UELogParser.cpp">
      <Filter>Source\Utility\Private</Filter>
    </ClCompile>
    <ClCompile Include="Source\Core\Private\Archive.cpp">
      <Filter>Source\Core\Private</Filter>
    </ClCompile>
    <ClCompile Include="Source\Core\Private\WindowsBinWriter.cpp">
      <Filter>Source\Core\Private</Filter>
    </ClCompile>
    <ClCompile Include="Source\Core\Public\WindowsBinReader.cpp">
      <Filter>Source\Core\Private</Filter>
    </ClCompile>
  </ItemGroup>
  <ItemGroup>
    <ClInclude Include="pch.h" />
    <ClInclude Include="Source\Actor\Public\Actor.h">
      <Filter>Source\Actor\Public</Filter>
    </ClInclude>
    <ClInclude Include="Source\Actor\Public\CubeActor.h">
      <Filter>Source\Actor\Public</Filter>
    </ClInclude>
    <ClInclude Include="Source\Actor\Public\SphereActor.h">
      <Filter>Source\Actor\Public</Filter>
    </ClInclude>
    <ClInclude Include="Source\Actor\Public\SquareActor.h">
      <Filter>Source\Actor\Public</Filter>
    </ClInclude>
    <ClInclude Include="Source\Actor\Public\StaticMeshActor.h">
      <Filter>Source\Actor\Public</Filter>
    </ClInclude>
    <ClInclude Include="Source\Actor\Public\TriangleActor.h">
      <Filter>Source\Actor\Public</Filter>
    </ClInclude>
    <ClInclude Include="Source\Component\Mesh\Public\MeshComponent.h">
      <Filter>Source\Component\Mesh\Public</Filter>
    </ClInclude>
    <ClInclude Include="Source\Component\Mesh\Public\StaticMesh.h">
      <Filter>Source\Component\Mesh\Public</Filter>
    </ClInclude>
    <ClInclude Include="Source\Component\Mesh\Public\StaticMeshComponent.h">
      <Filter>Source\Component\Mesh\Public</Filter>
    </ClInclude>
    <ClInclude Include="Source\Component\Public\ActorComponent.h">
      <Filter>Source\Component\Public</Filter>
    </ClInclude>
    <ClInclude Include="Source\Component\Public\BillBoardComponent.h">
      <Filter>Source\Component\Public</Filter>
    </ClInclude>
    <ClInclude Include="Source\Component\Public\LineComponent.h">
      <Filter>Source\Component\Public</Filter>
    </ClInclude>
    <ClInclude Include="Source\Component\Public\PrimitiveComponent.h">
      <Filter>Source\Component\Public</Filter>
    </ClInclude>
    <ClInclude Include="Source\Component\Public\SceneComponent.h">
      <Filter>Source\Component\Public</Filter>
    </ClInclude>
    <ClInclude Include="Source\Component\Mesh\Public\CubeComponent.h">
      <Filter>Source\Component\Mesh\Public</Filter>
    </ClInclude>
    <ClInclude Include="Source\Component\Mesh\Public\SphereComponent.h">
      <Filter>Source\Component\Mesh\Public</Filter>
    </ClInclude>
    <ClInclude Include="Source\Component\Mesh\Public\SquareComponent.h">
      <Filter>Source\Component\Mesh\Public</Filter>
    </ClInclude>
    <ClInclude Include="Source\Component\Mesh\Public\TriangleComponent.h">
      <Filter>Source\Component\Mesh\Public</Filter>
    </ClInclude>
    <ClInclude Include="Source\Component\Mesh\Public\VertexDatas.h">
      <Filter>Source\Component\Mesh\Public</Filter>
    </ClInclude>
    <ClInclude Include="Source\Core\Public\ObjectIterator.h">
      <Filter>Source\Core\Public</Filter>
    </ClInclude>
    <ClInclude Include="Source\Editor\Public\SplitterWindow.h">
      <Filter>Source\Editor\Public</Filter>
    </ClInclude>
    <ClInclude Include="Source\Editor\Public\Viewport.h">
      <Filter>Source\Editor\Public</Filter>
    </ClInclude>
    <ClInclude Include="Source\Editor\Public\ViewportClient.h">
      <Filter>Source\Editor\Public</Filter>
    </ClInclude>
    <ClInclude Include="Source\Factory\Actor\Public\StaticMeshActorFactory.h">
      <Filter>Source\Factory\Actor\Public</Filter>
    </ClInclude>
    <ClInclude Include="Source\Global\Quaternion.h">
      <Filter>Source\Global</Filter>
    </ClInclude>
    <ClInclude Include="Source\Manager\Asset\Public\ObjImporter.h">
      <Filter>Source\Manager\Asset\Public</Filter>
    </ClInclude>
    <ClInclude Include="Source\Manager\Asset\Public\ObjManager.h">
      <Filter>Source\Manager\Asset\Public</Filter>
    </ClInclude>
    <ClInclude Include="Source\Physics\Public\AABB.h">
      <Filter>Source\Physics\Public</Filter>
    </ClInclude>
    <ClInclude Include="Source\Physics\Public\BoundingSphere.h">
      <Filter>Source\Physics\Public</Filter>
    </ClInclude>
    <ClInclude Include="Source\Physics\Public\BoundingVolume.h">
      <Filter>Source\Physics\Public</Filter>
    </ClInclude>
    <ClInclude Include="Source\Core\Public\AppWindow.h">
      <Filter>Source\Core\Public</Filter>
    </ClInclude>
    <ClInclude Include="Source\Core\Public\Class.h">
      <Filter>Source\Core\Public</Filter>
    </ClInclude>
    <ClInclude Include="Source\Core\Public\ClientApp.h">
      <Filter>Source\Core\Public</Filter>
    </ClInclude>
    <ClInclude Include="Source\Core\Public\EngineStatics.h">
      <Filter>Source\Core\Public</Filter>
    </ClInclude>
    <ClInclude Include="Source\Core\Public\Name.h">
      <Filter>Source\Core\Public</Filter>
    </ClInclude>
    <ClInclude Include="Source\Core\Public\Object.h">
      <Filter>Source\Core\Public</Filter>
    </ClInclude>
    <ClInclude Include="Source\Core\Public\ObjectPtr.h">
      <Filter>Source\Core\Public</Filter>
    </ClInclude>
    <ClInclude Include="Source\Core\Public\resource.h">
      <Filter>Source\Core\Public</Filter>
    </ClInclude>
    <ClInclude Include="Source\Editor\Public\Axis.h">
      <Filter>Source\Editor\Public</Filter>
    </ClInclude>
    <ClInclude Include="Source\Editor\Public\BatchLines.h">
      <Filter>Source\Editor\Public</Filter>
    </ClInclude>
    <ClInclude Include="Source\Editor\Public\BoundingBoxLines.h">
      <Filter>Source\Editor\Public</Filter>
    </ClInclude>
    <ClInclude Include="Source\Editor\Public\Camera.h">
      <Filter>Source\Editor\Public</Filter>
    </ClInclude>
    <ClInclude Include="Source\Editor\Public\Editor.h">
      <Filter>Source\Editor\Public</Filter>
    </ClInclude>
    <ClInclude Include="Source\Editor\Public\EditorPrimitive.h">
      <Filter>Source\Editor\Public</Filter>
    </ClInclude>
    <ClInclude Include="Source\Editor\Public\Gizmo.h">
      <Filter>Source\Editor\Public</Filter>
    </ClInclude>
    <ClInclude Include="Source\Editor\Public\Grid.h">
      <Filter>Source\Editor\Public</Filter>
    </ClInclude>
    <ClInclude Include="Source\Editor\Public\ObjectPicker.h">
      <Filter>Source\Editor\Public</Filter>
    </ClInclude>
    <ClInclude Include="Source\Factory\Actor\Public\ActorFactory.h">
      <Filter>Source\Factory\Actor\Public</Filter>
    </ClInclude>
    <ClInclude Include="Source\Factory\Actor\Public\CubeActorFactory.h">
      <Filter>Source\Factory\Actor\Public</Filter>
    </ClInclude>
    <ClInclude Include="Source\Factory\Actor\Public\SphereActorFactory.h">
      <Filter>Source\Factory\Actor\Public</Filter>
    </ClInclude>
    <ClInclude Include="Source\Factory\Actor\Public\SquareActorFactory.h">
      <Filter>Source\Factory\Actor\Public</Filter>
    </ClInclude>
    <ClInclude Include="Source\Factory\Actor\Public\TriangleActorFactory.h">
      <Filter>Source\Factory\Actor\Public</Filter>
    </ClInclude>
    <ClInclude Include="Source\Factory\Component\Public\ComponentFactory.h">
      <Filter>Source\Factory\Component\Public</Filter>
    </ClInclude>
    <ClInclude Include="Source\Factory\Public\Factory.h">
      <Filter>Source\Factory\Public</Filter>
    </ClInclude>
    <ClInclude Include="Source\Factory\Public\FactorySystem.h">
      <Filter>Source\Factory\Public</Filter>
    </ClInclude>
    <ClInclude Include="Source\Factory\Public\NewObject.h">
      <Filter>Source\Factory\Public</Filter>
    </ClInclude>
    <ClInclude Include="Source\Global\Constant.h">
      <Filter>Source\Global</Filter>
    </ClInclude>
    <ClInclude Include="Source\Global\CoreTypes.h">
      <Filter>Source\Global</Filter>
    </ClInclude>
    <ClInclude Include="Source\Global\Enum.h">
      <Filter>Source\Global</Filter>
    </ClInclude>
    <ClInclude Include="Source\Global\EnumReflection.h">
      <Filter>Source\Global</Filter>
    </ClInclude>
    <ClInclude Include="Source\Global\Function.h">
      <Filter>Source\Global</Filter>
    </ClInclude>
    <ClInclude Include="Source\Global\Macro.h">
      <Filter>Source\Global</Filter>
    </ClInclude>
    <ClInclude Include="Source\Global\Matrix.h">
      <Filter>Source\Global</Filter>
    </ClInclude>
    <ClInclude Include="Source\Global\Memory.h">
      <Filter>Source\Global</Filter>
    </ClInclude>
    <ClInclude Include="Source\Global\Types.h">
      <Filter>Source\Global</Filter>
    </ClInclude>
    <ClInclude Include="Source\Global\Vector.h">
      <Filter>Source\Global</Filter>
    </ClInclude>
    <ClInclude Include="Source\ImGui\imconfig.h">
      <Filter>Source\ImGui</Filter>
    </ClInclude>
    <ClInclude Include="Source\ImGui\imgui.h">
      <Filter>Source\ImGui</Filter>
    </ClInclude>
    <ClInclude Include="Source\ImGui\imgui_impl_dx11.h">
      <Filter>Source\ImGui</Filter>
    </ClInclude>
    <ClInclude Include="Source\ImGui\imgui_impl_win32.h">
      <Filter>Source\ImGui</Filter>
    </ClInclude>
    <ClInclude Include="Source\ImGui\imgui_internal.h">
      <Filter>Source\ImGui</Filter>
    </ClInclude>
    <ClInclude Include="Source\ImGui\imstb_rectpack.h">
      <Filter>Source\ImGui</Filter>
    </ClInclude>
    <ClInclude Include="Source\ImGui\imstb_textedit.h">
      <Filter>Source\ImGui</Filter>
    </ClInclude>
    <ClInclude Include="Source\ImGui\imstb_truetype.h">
      <Filter>Source\ImGui</Filter>
    </ClInclude>
    <ClInclude Include="Source\Level\Public\Level.h">
      <Filter>Source\Level\Public</Filter>
    </ClInclude>
    <ClInclude Include="Source\Manager\Asset\Public\AssetManager.h">
      <Filter>Source\Manager\Asset\Public</Filter>
    </ClInclude>
    <ClInclude Include="Source\Manager\Config\Public\ConfigManager.h">
      <Filter>Source\Manager\Config\Public</Filter>
    </ClInclude>
    <ClInclude Include="Source\Manager\Input\Public\InputManager.h">
      <Filter>Source\Manager\Input\Public</Filter>
    </ClInclude>
    <ClInclude Include="Source\Manager\Level\Public\LevelManager.h">
      <Filter>Source\Manager\Level\Public</Filter>
    </ClInclude>
    <ClInclude Include="Source\Manager\Path\Public\PathManager.h">
      <Filter>Source\Manager\Path\Public</Filter>
    </ClInclude>
    <ClInclude Include="Source\Manager\Time\Public\TimeManager.h">
      <Filter>Source\Manager\Time\Public</Filter>
    </ClInclude>
    <ClInclude Include="Source\Manager\UI\Public\UIManager.h">
      <Filter>Source\Manager\UI\Public</Filter>
    </ClInclude>
    <ClInclude Include="Source\Render\FontRenderer\Public\FontRenderer.h">
      <Filter>Source\Render\FontRenderer\Public</Filter>
    </ClInclude>
    <ClInclude Include="Source\Render\Renderer\Public\DeviceResources.h">
      <Filter>Source\Render\Renderer\Public</Filter>
    </ClInclude>
    <ClInclude Include="Source\Render\Renderer\Public\Pipeline.h">
      <Filter>Source\Render\Renderer\Public</Filter>
    </ClInclude>
    <ClInclude Include="Source\Render\Renderer\Public\Renderer.h">
      <Filter>Source\Render\Renderer\Public</Filter>
    </ClInclude>
    <ClInclude Include="Source\Render\UI\Factory\Public\UIWindowFactory.h">
      <Filter>Source\Render\UI\Factory\Public</Filter>
    </ClInclude>
    <ClInclude Include="Source\Render\UI\ImGui\Public\ImGuiHelper.h">
      <Filter>Source\Render\UI\ImGui\Public</Filter>
    </ClInclude>
    <ClInclude Include="Source\Render\UI\Overlay\Public\StatOverlay.h">
      <Filter>Source\Render\UI\Overlay\Public</Filter>
    </ClInclude>
    <ClInclude Include="Source\Render\UI\Widget\Public\ActorDetailWidget.h">
      <Filter>Source\Render\UI\Widget\Public</Filter>
    </ClInclude>
    <ClInclude Include="Source\Render\UI\Widget\Public\ActorTerminationWidget.h">
      <Filter>Source\Render\UI\Widget\Public</Filter>
    </ClInclude>
    <ClInclude Include="Source\Render\UI\Widget\Public\CameraControlWidget.h">
      <Filter>Source\Render\UI\Widget\Public</Filter>
    </ClInclude>
    <ClInclude Include="Source\Render\UI\Widget\Public\ConsoleWidget.h">
      <Filter>Source\Render\UI\Widget\Public</Filter>
    </ClInclude>
    <ClInclude Include="Source\Render\UI\Widget\Public\FPSWidget.h">
      <Filter>Source\Render\UI\Widget\Public</Filter>
    </ClInclude>
    <ClInclude Include="Source\Render\UI\Widget\Public\InputInformationWidget.h">
      <Filter>Source\Render\UI\Widget\Public</Filter>
    </ClInclude>
    <ClInclude Include="Source\Render\UI\Widget\Public\MainBarWidget.h">
      <Filter>Source\Render\UI\Widget\Public</Filter>
    </ClInclude>
    <ClInclude Include="Source\Render\UI\Widget\Public\PrimitiveSpawnWidget.h">
      <Filter>Source\Render\UI\Widget\Public</Filter>
    </ClInclude>
    <ClInclude Include="Source\Render\UI\Widget\Public\SceneHierarchyWidget.h">
      <Filter>Source\Render\UI\Widget\Public</Filter>
    </ClInclude>
    <ClInclude Include="Source\Render\UI\Widget\Public\SceneIOWidget.h">
      <Filter>Source\Render\UI\Widget\Public</Filter>
    </ClInclude>
    <ClInclude Include="Source\Render\UI\Widget\Public\SplitterDebugWidget.h">
      <Filter>Source\Render\UI\Widget\Public</Filter>
    </ClInclude>
    <ClInclude Include="Source\Render\UI\Widget\Public\StaticMeshComponentWidget.h">
      <Filter>Source\Render\UI\Widget\Public</Filter>
    </ClInclude>
    <ClInclude Include="Source\Render\UI\Widget\Public\TargetActorTransformWidget.h">
      <Filter>Source\Render\UI\Widget\Public</Filter>
    </ClInclude>
    <ClInclude Include="Source\Render\UI\Widget\Public\ViewportMenuBarWidget.h">
      <Filter>Source\Render\UI\Widget\Public</Filter>
    </ClInclude>
    <ClInclude Include="Source\Render\UI\Widget\Public\Widget.h">
      <Filter>Source\Render\UI\Widget\Public</Filter>
    </ClInclude>
    <ClInclude Include="Source\Render\UI\Window\Public\ConsoleWindow.h">
      <Filter>Source\Render\UI\Window\Public</Filter>
    </ClInclude>
    <ClInclude Include="Source\Render\UI\Window\Public\ControlPanelWindow.h">
      <Filter>Source\Render\UI\Window\Public</Filter>
    </ClInclude>
    <ClInclude Include="Source\Render\UI\Window\Public\EditorWindow.h">
      <Filter>Source\Render\UI\Window\Public</Filter>
    </ClInclude>
    <ClInclude Include="Source\Render\UI\Window\Public\ExperimentalFeatureWindow.h">
      <Filter>Source\Render\UI\Window\Public</Filter>
    </ClInclude>
    <ClInclude Include="Source\Render\UI\Window\Public\MainMenuWindow.h">
      <Filter>Source\Render\UI\Window\Public</Filter>
    </ClInclude>
    <ClInclude Include="Source\Render\UI\Window\Public\OutlinerWindow.h">
      <Filter>Source\Render\UI\Window\Public</Filter>
    </ClInclude>
    <ClInclude Include="Source\Render\UI\Window\Public\DetailWindow.h">
      <Filter>Source\Render\UI\Window\Public</Filter>
    </ClInclude>
    <ClInclude Include="Source\Render\UI\Window\Public\UIWindow.h">
      <Filter>Source\Render\UI\Window\Public</Filter>
    </ClInclude>
    <ClInclude Include="Source\Render\UI\Window\Public\ViewportClientWindow.h">
      <Filter>Source\Render\UI\Window\Public</Filter>
    </ClInclude>
    <ClInclude Include="Source\Texture\Public\Material.h">
      <Filter>Source\Texture\Public</Filter>
    </ClInclude>
    <ClInclude Include="Source\Texture\Public\Texture.h">
      <Filter>Source\Texture\Public</Filter>
    </ClInclude>
    <ClInclude Include="Source\Texture\Public\TextureRenderProxy.h">
      <Filter>Source\Texture\Public</Filter>
    </ClInclude>
    <ClInclude Include="Source\Utility\Public\JsonSerializer.h">
      <Filter>Source\Utility\Public</Filter>
    </ClInclude>
    <ClInclude Include="Source\Utility\Public\Metadata.h">
      <Filter>Source\Utility\Public</Filter>
    </ClInclude>
    <ClInclude Include="Source\Utility\Public\UELogParser.h">
      <Filter>Source\Utility\Public</Filter>
    </ClInclude>
    <ClInclude Include="Source\Core\Public\Archive.h">
      <Filter>Source\Core\Public</Filter>
    </ClInclude>
    <ClInclude Include="Source\Core\Public\WindowsBinWriter.h">
      <Filter>Source\Core\Public</Filter>
    </ClInclude>
    <ClInclude Include="Source\Core\Public\WindowsBinReader.h">
      <Filter>Source\Core\Public</Filter>
    </ClInclude>
  </ItemGroup>
  <ItemGroup>
    <Filter Include="Asset">
      <UniqueIdentifier>{d2ab4564-f60e-4ad1-80aa-cee23e26de41}</UniqueIdentifier>
    </Filter>
    <Filter Include="Asset\Shader">
      <UniqueIdentifier>{de84fb0d-7406-43eb-9d57-3d09bb06df04}</UniqueIdentifier>
    </Filter>
    <Filter Include="Source">
      <UniqueIdentifier>{97a716d2-212f-434d-b096-c4e8d8d45b4e}</UniqueIdentifier>
    </Filter>
    <Filter Include="Source\Actor">
      <UniqueIdentifier>{3f9edfcf-ad5c-4eb1-aad0-85a27bdf4c92}</UniqueIdentifier>
    </Filter>
    <Filter Include="Source\Actor\Private">
      <UniqueIdentifier>{fb370405-1d59-4fdb-bb93-c92ff43961fc}</UniqueIdentifier>
    </Filter>
    <Filter Include="Source\Component">
      <UniqueIdentifier>{e9664dad-136b-43be-9c66-17785ae02d0c}</UniqueIdentifier>
    </Filter>
    <Filter Include="Source\Component\Mesh">
      <UniqueIdentifier>{2a1aa820-34f3-4c6b-84f5-03d2b45078a2}</UniqueIdentifier>
    </Filter>
    <Filter Include="Source\Component\Mesh\Private">
      <UniqueIdentifier>{b0aeb7cd-3e61-49b7-878d-e0c38a1615cb}</UniqueIdentifier>
    </Filter>
    <Filter Include="Source\Component\Private">
      <UniqueIdentifier>{ffd3ca41-38ee-40aa-8ce9-180235cbba7b}</UniqueIdentifier>
    </Filter>
    <Filter Include="Source\Core">
      <UniqueIdentifier>{ef0cc4e4-a3a5-4207-86b5-b8b511420f4b}</UniqueIdentifier>
    </Filter>
    <Filter Include="Source\Core\Private">
      <UniqueIdentifier>{2547664c-aab0-4386-8cd8-2e55fd71effb}</UniqueIdentifier>
    </Filter>
    <Filter Include="Source\Editor">
      <UniqueIdentifier>{b4ac3b74-af81-4ce1-8dfb-5722cfd6ad1f}</UniqueIdentifier>
    </Filter>
    <Filter Include="Source\Editor\Private">
      <UniqueIdentifier>{9fe370a9-6aa6-4b3f-8fa6-932d569d7fc0}</UniqueIdentifier>
    </Filter>
    <Filter Include="Source\Factory">
      <UniqueIdentifier>{58418b54-cc65-4059-9297-8dc92590ef3a}</UniqueIdentifier>
    </Filter>
    <Filter Include="Source\Factory\Actor">
      <UniqueIdentifier>{ffc36ab6-0aec-4890-9792-3e72649db80e}</UniqueIdentifier>
    </Filter>
    <Filter Include="Source\Factory\Actor\Private">
      <UniqueIdentifier>{4d64c488-9852-4052-addd-56fb3edb0e88}</UniqueIdentifier>
    </Filter>
    <Filter Include="Source\Global">
      <UniqueIdentifier>{418eaaa6-d49c-47ab-9c1d-8fc47f23ee65}</UniqueIdentifier>
    </Filter>
    <Filter Include="Source\Manager">
      <UniqueIdentifier>{9ff51fd4-6a66-44e2-8b81-ad6d43f53b38}</UniqueIdentifier>
    </Filter>
    <Filter Include="Source\Manager\Asset">
      <UniqueIdentifier>{be44f1bf-af36-4d06-9d00-9506b267b6f4}</UniqueIdentifier>
    </Filter>
    <Filter Include="Source\Manager\Asset\Private">
      <UniqueIdentifier>{32324d75-5cfb-4f4c-bb38-ec01366a1b77}</UniqueIdentifier>
    </Filter>
    <Filter Include="Source\Physics">
      <UniqueIdentifier>{b09eb385-6ce0-46bf-a52f-1f7ba55eb4c3}</UniqueIdentifier>
    </Filter>
    <Filter Include="Source\Physics\Private">
      <UniqueIdentifier>{168b05ec-9696-4974-9046-39c5b1fc187c}</UniqueIdentifier>
    </Filter>
    <Filter Include="Source\Factory\Component">
      <UniqueIdentifier>{64051370-a7e3-4a2b-89db-774061fc7141}</UniqueIdentifier>
    </Filter>
    <Filter Include="Source\Factory\Component\Private">
      <UniqueIdentifier>{5d2e9745-a08c-4fef-80a3-df5315daf6f5}</UniqueIdentifier>
    </Filter>
    <Filter Include="Source\Factory\Private">
      <UniqueIdentifier>{887f49e0-9cd8-4bee-9845-08399c20b136}</UniqueIdentifier>
    </Filter>
    <Filter Include="Source\ImGui">
      <UniqueIdentifier>{c73016d4-ca35-4e2f-9645-fccc3c2970c5}</UniqueIdentifier>
    </Filter>
    <Filter Include="Source\Level">
      <UniqueIdentifier>{2c5c5aaf-3ed5-4410-ab5f-32e072c5a973}</UniqueIdentifier>
    </Filter>
    <Filter Include="Source\Level\Private">
      <UniqueIdentifier>{dd9a1efd-9aee-4589-b8a1-138de44fb227}</UniqueIdentifier>
    </Filter>
    <Filter Include="Source\Manager\Config">
      <UniqueIdentifier>{556aba3f-bc99-467a-9215-a4987ca32840}</UniqueIdentifier>
    </Filter>
    <Filter Include="Source\Manager\Config\Private">
      <UniqueIdentifier>{b0e74ffa-14fc-43bd-97c5-c141a6d914f7}</UniqueIdentifier>
    </Filter>
    <Filter Include="Source\Manager\Input">
      <UniqueIdentifier>{0cacfc17-7f52-4d56-8094-140e92aa9b0e}</UniqueIdentifier>
    </Filter>
    <Filter Include="Source\Manager\Input\Private">
      <UniqueIdentifier>{dc369de9-7b98-47d7-a9c6-ca6ce36e81fb}</UniqueIdentifier>
    </Filter>
    <Filter Include="Source\Manager\Level">
      <UniqueIdentifier>{2040292b-9c3c-443e-8d15-ac5739a84a30}</UniqueIdentifier>
    </Filter>
    <Filter Include="Source\Manager\Level\Private">
      <UniqueIdentifier>{7129127b-b9ca-4120-8055-64d59a359afd}</UniqueIdentifier>
    </Filter>
    <Filter Include="Source\Manager\Path">
      <UniqueIdentifier>{c9c1f01d-1080-475e-9363-e4e0d76e326e}</UniqueIdentifier>
    </Filter>
    <Filter Include="Source\Manager\Path\Private">
      <UniqueIdentifier>{32f295aa-4837-4229-b142-ba6ef5bd51de}</UniqueIdentifier>
    </Filter>
    <Filter Include="Source\Manager\Time">
      <UniqueIdentifier>{01441d7d-69b4-495e-9eff-c1cdc4c471e7}</UniqueIdentifier>
    </Filter>
    <Filter Include="Source\Manager\Time\Private">
      <UniqueIdentifier>{d18bf930-c017-47d1-90d7-8c5077a07cf7}</UniqueIdentifier>
    </Filter>
    <Filter Include="Source\Manager\UI">
      <UniqueIdentifier>{c69aee2b-ff90-4cff-8ddf-fdc9addb0800}</UniqueIdentifier>
    </Filter>
    <Filter Include="Source\Manager\UI\Private">
      <UniqueIdentifier>{03af91ad-4e91-4f2e-91f1-85b5ad0ca803}</UniqueIdentifier>
    </Filter>
    <Filter Include="Source\Render">
      <UniqueIdentifier>{b4fe0c0e-d22c-4b96-95c8-cfe948bd52da}</UniqueIdentifier>
    </Filter>
    <Filter Include="Source\Render\Renderer">
      <UniqueIdentifier>{e6df2dae-43bc-40bf-b161-4e479a44a585}</UniqueIdentifier>
    </Filter>
    <Filter Include="Source\Render\Renderer\Private">
      <UniqueIdentifier>{cd70e49f-99ce-4819-8e1d-185850f4987b}</UniqueIdentifier>
    </Filter>
    <Filter Include="Source\Render\FontRenderer">
      <UniqueIdentifier>{7ca0c471-c519-4604-aa88-75ec46958bbb}</UniqueIdentifier>
    </Filter>
    <Filter Include="Source\Render\FontRenderer\Private">
      <UniqueIdentifier>{05c7c0ae-463d-4ba8-9e0e-d4c3f129cdfe}</UniqueIdentifier>
    </Filter>
    <Filter Include="Source\Render\UI">
      <UniqueIdentifier>{04783a4a-fd8b-4970-a2ff-0981ab047cad}</UniqueIdentifier>
    </Filter>
    <Filter Include="Source\Render\UI\Factory">
      <UniqueIdentifier>{0f8fc384-ed08-4754-b63f-b90cca46c54f}</UniqueIdentifier>
    </Filter>
    <Filter Include="Source\Render\UI\Factory\Private">
      <UniqueIdentifier>{68d19faf-f9fb-4a5e-8257-fc06ba091936}</UniqueIdentifier>
    </Filter>
    <Filter Include="Source\Render\UI\ImGui">
      <UniqueIdentifier>{bd288ddc-0250-47b7-a622-01953e6b7c06}</UniqueIdentifier>
    </Filter>
    <Filter Include="Source\Render\UI\ImGui\Private">
      <UniqueIdentifier>{a3979c50-22a0-4ac0-a7b3-dd74699fda64}</UniqueIdentifier>
    </Filter>
    <Filter Include="Source\Render\UI\Overlay">
      <UniqueIdentifier>{2a17c2f7-275a-4658-b2db-4ae6716e40f9}</UniqueIdentifier>
    </Filter>
    <Filter Include="Source\Render\UI\Overlay\Private">
      <UniqueIdentifier>{82f38f1b-b51f-41c1-ac12-0fa10a08499d}</UniqueIdentifier>
    </Filter>
    <Filter Include="Source\Render\UI\Widget">
      <UniqueIdentifier>{93605836-acf5-44cf-b9b7-1643407c178c}</UniqueIdentifier>
    </Filter>
    <Filter Include="Source\Render\UI\Widget\Private">
      <UniqueIdentifier>{8d65c13c-a183-4d74-b893-2e8ca124fa68}</UniqueIdentifier>
    </Filter>
    <Filter Include="Source\Render\UI\Window">
      <UniqueIdentifier>{4d0785c7-3933-4107-94e1-73298689992d}</UniqueIdentifier>
    </Filter>
    <Filter Include="Source\Render\UI\Window\Private">
      <UniqueIdentifier>{e3d73c3b-72d2-43d0-9bce-75a1999c67b0}</UniqueIdentifier>
    </Filter>
    <Filter Include="Source\Texture">
      <UniqueIdentifier>{069d5752-e8dd-4145-926e-1118c8aa855d}</UniqueIdentifier>
    </Filter>
    <Filter Include="Source\Texture\Private">
      <UniqueIdentifier>{5c0e9747-dba1-40d9-aa1c-218ebbb67ca0}</UniqueIdentifier>
    </Filter>
    <Filter Include="Source\Utility">
      <UniqueIdentifier>{b7bb1173-6880-461e-83e6-f664c99ac574}</UniqueIdentifier>
    </Filter>
    <Filter Include="Source\Utility\Private">
      <UniqueIdentifier>{35f3bc22-fdec-416e-a05a-3c3cc0fda104}</UniqueIdentifier>
    </Filter>
    <Filter Include="Source\Actor\Public">
      <UniqueIdentifier>{39f78aa7-dfdf-47c4-9e93-92aa2ed92adb}</UniqueIdentifier>
    </Filter>
    <Filter Include="Source\Component\Mesh\Public">
      <UniqueIdentifier>{3cce9c71-9b97-46be-9e66-a2c4f22d54cb}</UniqueIdentifier>
    </Filter>
    <Filter Include="Source\Component\Public">
      <UniqueIdentifier>{b1bdd3d2-99da-4cb8-a41b-cd157dc8dc86}</UniqueIdentifier>
    </Filter>
    <Filter Include="Source\Core\Public">
      <UniqueIdentifier>{d333f482-33f4-43ab-acb4-b8aaf5691c31}</UniqueIdentifier>
    </Filter>
    <Filter Include="Source\Editor\Public">
      <UniqueIdentifier>{b24548fe-8d87-4c73-b8bf-0211349eb441}</UniqueIdentifier>
    </Filter>
    <Filter Include="Source\Factory\Actor\Public">
      <UniqueIdentifier>{ebf2142b-ee03-4e34-8749-5feadac27972}</UniqueIdentifier>
    </Filter>
    <Filter Include="Source\Manager\Asset\Public">
      <UniqueIdentifier>{db3126c0-e845-4eaa-b21a-d29f21a5ff42}</UniqueIdentifier>
    </Filter>
    <Filter Include="Source\Physics\Public">
      <UniqueIdentifier>{8dcaca4f-5f16-4479-9548-bd9160b95452}</UniqueIdentifier>
    </Filter>
    <Filter Include="Source\Factory\Component\Public">
      <UniqueIdentifier>{c6439438-32ce-4898-90f9-cfd4b60ec4b0}</UniqueIdentifier>
    </Filter>
    <Filter Include="Source\Factory\Public">
      <UniqueIdentifier>{3766290a-e924-4376-8e00-0ad3325eca44}</UniqueIdentifier>
    </Filter>
    <Filter Include="Source\Level\Public">
      <UniqueIdentifier>{15e15e09-2673-4a34-82b4-b12fa84284ba}</UniqueIdentifier>
    </Filter>
    <Filter Include="Source\Manager\Config\Public">
      <UniqueIdentifier>{938c4e2e-bb97-4247-97da-baeef4651032}</UniqueIdentifier>
    </Filter>
    <Filter Include="Source\Manager\Input\Public">
      <UniqueIdentifier>{d6a28139-1368-466d-ab67-d0d3363b41cd}</UniqueIdentifier>
    </Filter>
    <Filter Include="Source\Manager\Level\Public">
      <UniqueIdentifier>{89ced34e-bec7-4726-ac5c-75320fa3ffb8}</UniqueIdentifier>
    </Filter>
    <Filter Include="Source\Manager\Path\Public">
      <UniqueIdentifier>{eae561e7-4188-4936-9bde-a6096b810657}</UniqueIdentifier>
    </Filter>
    <Filter Include="Source\Manager\Time\Public">
      <UniqueIdentifier>{fc6ee54c-0d2e-4565-93e0-bdb00509912b}</UniqueIdentifier>
    </Filter>
    <Filter Include="Source\Manager\UI\Public">
      <UniqueIdentifier>{8d776bf8-60de-4fd1-be4b-2a82f687d2d5}</UniqueIdentifier>
    </Filter>
    <Filter Include="Source\Render\FontRenderer\Public">
      <UniqueIdentifier>{daa6435a-6ff0-496c-a937-ec74e8d97af6}</UniqueIdentifier>
    </Filter>
    <Filter Include="Source\Render\Renderer\Public">
      <UniqueIdentifier>{b5be6340-1697-4eaa-8b2d-0e2f93e76a1b}</UniqueIdentifier>
    </Filter>
    <Filter Include="Source\Render\UI\Factory\Public">
      <UniqueIdentifier>{d7a73b72-93ce-4a5a-89a4-847839cd7229}</UniqueIdentifier>
    </Filter>
    <Filter Include="Source\Render\UI\ImGui\Public">
      <UniqueIdentifier>{173dd3b3-dd06-4d90-81bb-f33498cc5b4c}</UniqueIdentifier>
    </Filter>
    <Filter Include="Source\Render\UI\Overlay\Public">
      <UniqueIdentifier>{c7e20e54-51a1-4acf-a97f-72b4288e20ba}</UniqueIdentifier>
    </Filter>
    <Filter Include="Source\Render\UI\Widget\Public">
      <UniqueIdentifier>{c626143a-b7d0-4c72-9a99-2628bd50210b}</UniqueIdentifier>
    </Filter>
    <Filter Include="Source\Render\UI\Window\Public">
      <UniqueIdentifier>{57524f9e-fbbc-4161-8929-54d8450c8850}</UniqueIdentifier>
    </Filter>
    <Filter Include="Source\Texture\Public">
      <UniqueIdentifier>{b1be80d5-a44b-47ac-9db2-57f69c5633f6}</UniqueIdentifier>
    </Filter>
    <Filter Include="Source\Utility\Public">
      <UniqueIdentifier>{07505862-3910-4abe-a59d-fba693cb8da2}</UniqueIdentifier>
    </Filter>
  </ItemGroup>
  <ItemGroup>
    <ResourceCompile Include="Engine.rc" />
  </ItemGroup>
</Project>