<?xml version="1.0" encoding="utf-8"?>
<Project ToolsVersion="4.0" xmlns="http://schemas.microsoft.com/developer/msbuild/2003">
  <ItemGroup>
    <ClCompile Include="Core\Private\Name.cpp">
      <Filter>Core\Private</Filter>
    </ClCompile>
    <ClCompile Include="Global\Matrix.cpp">
      <Filter>Global</Filter>
    </ClCompile>
    <ClCompile Include="Global\Memory.cpp">
      <Filter>Global</Filter>
    </ClCompile>
    <ClCompile Include="Global\Vector.cpp">
      <Filter>Global</Filter>
    </ClCompile>
    <ClCompile Include="pch.cpp" />
    <ClCompile Include="main.cpp" />
    <ClCompile Include="Core\Private\Class.cpp">
      <Filter>Core\Private</Filter>
    </ClCompile>
    <ClCompile Include="Core\Private\Name.cpp">
      <Filter>Core\Private</Filter>
    </ClCompile>
    <ClCompile Include="Core\Private\Object.cpp">
      <Filter>Core\Private</Filter>
    </ClCompile>
    <ClCompile Include="Core\Private\AppWindow.cpp">
      <Filter>Core\Private</Filter>
    </ClCompile>
    <ClCompile Include="Core\Private\ClientApp.cpp">
      <Filter>Core\Private</Filter>
    </ClCompile>
    <ClCompile Include="Manager\Resource\Private\ResourceManager.cpp">
      <Filter>Manager\Resource\Private</Filter>
    </ClCompile>
    <ClCompile Include="Manager\Input\Private\InputManager.cpp">
      <Filter>Manager\Input\Private</Filter>
    </ClCompile>
    <ClCompile Include="Manager\Level\Private\LevelManager.cpp">
      <Filter>Manager\Level\Private</Filter>
    </ClCompile>
    <ClCompile Include="Manager\Path\Private\PathManager.cpp">
      <Filter>Manager\Path\Private</Filter>
    </ClCompile>
    <ClCompile Include="Manager\Time\Private\TimeManager.cpp">
      <Filter>Manager\Time\Private</Filter>
    </ClCompile>
    <ClCompile Include="Manager\UI\Private\UIManager.cpp">
      <Filter>Manager\UI\Private</Filter>
    </ClCompile>
    <ClCompile Include="Render\UI\Widget\Private\ActorTerminationWidget.cpp">
      <Filter>Render\UI\Widget\Private</Filter>
    </ClCompile>
    <ClCompile Include="Render\UI\Widget\Private\CameraControlWIdget.cpp">
      <Filter>Render\UI\Widget\Private</Filter>
    </ClCompile>
    <ClCompile Include="Render\UI\Widget\Private\ConsoleWidget.cpp">
      <Filter>Render\UI\Widget\Private</Filter>
    </ClCompile>
    <ClCompile Include="Render\UI\Widget\Private\FPSWidget.cpp">
      <Filter>Render\UI\Widget\Private</Filter>
    </ClCompile>
    <ClCompile Include="Render\UI\Widget\Private\InputInformationWidget.cpp">
      <Filter>Render\UI\Widget\Private</Filter>
    </ClCompile>
    <ClCompile Include="Render\UI\Widget\Private\PrimitiveSpawnWidget.cpp">
      <Filter>Render\UI\Widget\Private</Filter>
    </ClCompile>
    <ClCompile Include="Render\UI\Widget\Private\SceneHierarchyWidget.cpp">
      <Filter>Render\UI\Widget\Private</Filter>
    </ClCompile>
    <ClCompile Include="Render\UI\Widget\Private\SceneIOWidget.cpp">
      <Filter>Render\UI\Widget\Private</Filter>
    </ClCompile>
    <ClCompile Include="Render\UI\Widget\Private\TargetActorTransformWidget.cpp">
      <Filter>Render\UI\Widget\Private</Filter>
    </ClCompile>
    <ClCompile Include="Render\UI\Widget\Private\Widget.cpp">
      <Filter>Render\UI\Widget\Private</Filter>
    </ClCompile>
    <ClCompile Include="Render\UI\Window\Private\ConsoleWindow.cpp">
      <Filter>Render\UI\Window\Private</Filter>
    </ClCompile>
    <ClCompile Include="Render\UI\Window\Private\ControlPanelWindow.cpp">
      <Filter>Render\UI\Window\Private</Filter>
    </ClCompile>
    <ClCompile Include="Render\UI\Window\Private\ExperimentalFeatureWindow.cpp">
      <Filter>Render\UI\Window\Private</Filter>
    </ClCompile>
    <ClCompile Include="Render\UI\Window\Private\OutlinerWindow.cpp">
      <Filter>Render\UI\Window\Private</Filter>
    </ClCompile>
    <ClCompile Include="Render\UI\Window\Private\SceneManagerWindow.cpp">
      <Filter>Render\UI\Window\Private</Filter>
    </ClCompile>
    <ClCompile Include="Render\UI\Window\Private\UIWindow.cpp">
      <Filter>Render\UI\Window\Private</Filter>
    </ClCompile>
    <ClCompile Include="Render\UI\Factory\Private\UIWindowFactory.cpp">
      <Filter>Render\UI\Factory\Private</Filter>
    </ClCompile>
    <ClCompile Include="Render\UI\ImGui\Private\ImGuiHelper.cpp">
      <Filter>Render\UI\ImGui\Private</Filter>
    </ClCompile>
    <ClCompile Include="Render\Renderer\Private\DeviceResources.cpp">
      <Filter>Render\Renderer\Private</Filter>
    </ClCompile>
    <ClCompile Include="Render\Renderer\Private\Pipeline.cpp">
      <Filter>Render\Renderer\Private</Filter>
    </ClCompile>
    <ClCompile Include="Render\Renderer\Private\Renderer.cpp">
      <Filter>Render\Renderer\Private</Filter>
    </ClCompile>
    <ClCompile Include="Editor\Private\BatchLines.cpp">
      <Filter>Editor\Private</Filter>
    </ClCompile>
    <ClCompile Include="Editor\Private\Axis.cpp">
      <Filter>Editor\Private</Filter>
    </ClCompile>
    <ClCompile Include="Editor\Private\BoundingBoxLines.cpp">
      <Filter>Editor\Private</Filter>
    </ClCompile>
    <ClCompile Include="Editor\Private\Camera.cpp">
      <Filter>Editor\Private</Filter>
    </ClCompile>
    <ClCompile Include="Editor\Private\Editor.cpp">
      <Filter>Editor\Private</Filter>
    </ClCompile>
    <ClCompile Include="Editor\Private\Gizmo.cpp">
      <Filter>Editor\Private</Filter>
    </ClCompile>
    <ClCompile Include="Editor\Private\Grid.cpp">
      <Filter>Editor\Private</Filter>
    </ClCompile>
    <ClCompile Include="Editor\Private\ObjectPicker.cpp">
      <Filter>Editor\Private</Filter>
    </ClCompile>
    <ClCompile Include="ImGui\imgui.cpp">
      <Filter>ImGui</Filter>
    </ClCompile>
    <ClCompile Include="ImGui\imgui_demo.cpp">
      <Filter>ImGui</Filter>
    </ClCompile>
    <ClCompile Include="ImGui\imgui_draw.cpp">
      <Filter>ImGui</Filter>
    </ClCompile>
    <ClCompile Include="ImGui\imgui_impl_dx11.cpp">
      <Filter>ImGui</Filter>
    </ClCompile>
    <ClCompile Include="ImGui\imgui_impl_win32.cpp">
      <Filter>ImGui</Filter>
    </ClCompile>
    <ClCompile Include="ImGui\imgui_tables.cpp">
      <Filter>ImGui</Filter>
    </ClCompile>
    <ClCompile Include="ImGui\imgui_widgets.cpp">
      <Filter>ImGui</Filter>
    </ClCompile>
    <ClCompile Include="Level\Private\Level.cpp">
      <Filter>Level\Private</Filter>
    </ClCompile>
    <ClCompile Include="Mesh\Private\AABB.cpp">
      <Filter>Mesh\Private</Filter>
    </ClCompile>
    <ClCompile Include="Mesh\Private\Actor.cpp">
      <Filter>Mesh\Private</Filter>
    </ClCompile>
    <ClCompile Include="Mesh\Private\ActorComponent.cpp">
      <Filter>Mesh\Private</Filter>
    </ClCompile>
    <ClCompile Include="Mesh\Private\BoundingSphere.cpp">
      <Filter>Mesh\Private</Filter>
    </ClCompile>
    <ClCompile Include="Mesh\Private\CubeActor.cpp">
      <Filter>Mesh\Private</Filter>
    </ClCompile>
    <ClCompile Include="Mesh\Private\CubeComponent.cpp">
      <Filter>Mesh\Private</Filter>
    </ClCompile>
    <ClCompile Include="Mesh\Private\LineComponent.cpp">
      <Filter>Mesh\Private</Filter>
    </ClCompile>
    <ClCompile Include="Mesh\Private\PrimitiveComponent.cpp">
      <Filter>Mesh\Private</Filter>
    </ClCompile>
    <ClCompile Include="Mesh\Private\SceneComponent.cpp">
      <Filter>Mesh\Private</Filter>
    </ClCompile>
    <ClCompile Include="Mesh\Private\SphereActor.cpp">
      <Filter>Mesh\Private</Filter>
    </ClCompile>
    <ClCompile Include="Mesh\Private\SphereComponent.cpp">
      <Filter>Mesh\Private</Filter>
    </ClCompile>
    <ClCompile Include="Mesh\Private\SquareActor.cpp">
      <Filter>Mesh\Private</Filter>
    </ClCompile>
    <ClCompile Include="Mesh\Private\SquareComponent.cpp">
      <Filter>Mesh\Private</Filter>
    </ClCompile>
    <ClCompile Include="Mesh\Private\TriangleActor.cpp">
      <Filter>Mesh\Private</Filter>
    </ClCompile>
    <ClCompile Include="Mesh\Private\TriangleComponent.cpp">
      <Filter>Mesh\Private</Filter>
    </ClCompile>
    <ClCompile Include="Mesh\Private\VertexDatas.cpp">
      <Filter>Mesh\Private</Filter>
    </ClCompile>
    <ClCompile Include="Utility\Private\LevelSerializer.cpp">
      <Filter>Utility\Private</Filter>
    </ClCompile>
    <ClCompile Include="Utility\Private\UELogParser.cpp">
      <Filter>Utility\Private</Filter>
    </ClCompile>
  </ItemGroup>
  <ItemGroup>
    <ClInclude Include="pch.h" />
    <ClInclude Include="Core\Public\Name.h">
      <Filter>Core\Public</Filter>
    </ClInclude>
    <ClInclude Include="Core\Public\ClientApp.h">
      <Filter>Core\Public</Filter>
    </ClInclude>
    <ClInclude Include="Global\EnumReflection.h">
      <Filter>Global</Filter>
    </ClInclude>
    <ClInclude Include="Editor\Public\Axis.h">
      <Filter>Editor\Public</Filter>
    </ClInclude>
    <ClInclude Include="pch.h" />
    <ClInclude Include="Core\Public\Class.h">
      <Filter>Core\Public</Filter>
    </ClInclude>
    <ClInclude Include="Core\Public\Name.h">
      <Filter>Core\Public</Filter>
    </ClInclude>
    <ClInclude Include="Core\Public\Object.h">
      <Filter>Core\Public</Filter>
    </ClInclude>
    <ClInclude Include="Core\Public\AppWindow.h">
      <Filter>Core\Public</Filter>
    </ClInclude>
    <ClInclude Include="Core\Public\ClientApp.h">
      <Filter>Core\Public</Filter>
    </ClInclude>
    <ClInclude Include="Core\Public\EngineStatics.h">
      <Filter>Core\Public</Filter>
    </ClInclude>
    <ClInclude Include="Manager\Resource\Public\ResourceManager.h">
      <Filter>Manager\Resource\Public</Filter>
    </ClInclude>
    <ClInclude Include="Manager\Input\Public\InputManager.h">
      <Filter>Manager\Input\Public</Filter>
    </ClInclude>
    <ClInclude Include="Manager\Level\Public\LevelManager.h">
      <Filter>Manager\Level\Public</Filter>
    </ClInclude>
    <ClInclude Include="Manager\Path\Public\PathManager.h">
      <Filter>Manager\Path\Public</Filter>
    </ClInclude>
    <ClInclude Include="Manager\Time\Public\TimeManager.h">
      <Filter>Manager\Time\Public</Filter>
    </ClInclude>
    <ClInclude Include="Manager\UI\Public\UIManager.h">
      <Filter>Manager\UI\Public</Filter>
    </ClInclude>
    <ClInclude Include="Render\UI\Widget\Public\ActorTerminationWidget.h">
      <Filter>Render\UI\Widget\Public</Filter>
    </ClInclude>
    <ClInclude Include="Render\UI\Widget\Public\CameraControlWidget.h">
      <Filter>Render\UI\Widget\Public</Filter>
    </ClInclude>
    <ClInclude Include="Render\UI\Widget\Public\ConsoleWidget.h">
      <Filter>Render\UI\Widget\Public</Filter>
    </ClInclude>
    <ClInclude Include="Render\UI\Widget\Public\FPSWidget.h">
      <Filter>Render\UI\Widget\Public</Filter>
    </ClInclude>
    <ClInclude Include="Render\UI\Widget\Public\InputInformationWidget.h">
      <Filter>Render\UI\Widget\Public</Filter>
    </ClInclude>
    <ClInclude Include="Render\UI\Widget\Public\PrimitiveSpawnWidget.h">
      <Filter>Render\UI\Widget\Public</Filter>
    </ClInclude>
    <ClInclude Include="Render\UI\Widget\Public\SceneHierarchyWidget.h">
      <Filter>Render\UI\Widget\Public</Filter>
    </ClInclude>
    <ClInclude Include="Render\UI\Widget\Public\SceneIOWidget.h">
      <Filter>Render\UI\Widget\Public</Filter>
    </ClInclude>
    <ClInclude Include="Render\UI\Widget\Public\TargetActorTransformWidget.h">
      <Filter>Render\UI\Widget\Public</Filter>
    </ClInclude>
    <ClInclude Include="Render\UI\Widget\Public\Widget.h">
      <Filter>Render\UI\Widget\Public</Filter>
    </ClInclude>
    <ClInclude Include="Render\UI\Window\Public\ConsoleWindow.h">
      <Filter>Render\UI\Window\Public</Filter>
    </ClInclude>
    <ClInclude Include="Render\UI\Window\Public\ControlPanelWindow.h">
      <Filter>Render\UI\Window\Public</Filter>
    </ClInclude>
    <ClInclude Include="Render\UI\Window\Public\ExperimentalFeatureWindow.h">
      <Filter>Render\UI\Window\Public</Filter>
    </ClInclude>
    <ClInclude Include="Render\UI\Window\Public\OutlinerWindow.h">
      <Filter>Render\UI\Window\Public</Filter>
    </ClInclude>
    <ClInclude Include="Render\UI\Window\Public\SceneManagerWindow.h">
      <Filter>Render\UI\Window\Public</Filter>
    </ClInclude>
    <ClInclude Include="Render\UI\Window\Public\UIWindow.h">
      <Filter>Render\UI\Window\Public</Filter>
    </ClInclude>
    <ClInclude Include="Render\UI\Factory\Public\UIWindowFactory.h">
      <Filter>Render\UI\Factory\Public</Filter>
    </ClInclude>
    <ClInclude Include="Render\UI\ImGui\Public\ImGuiHelper.h">
      <Filter>Render\UI\ImGui\Public</Filter>
    </ClInclude>
    <ClInclude Include="Render\Renderer\Public\DeviceResources.h">
      <Filter>Render\Renderer\Public</Filter>
    </ClInclude>
    <ClInclude Include="Render\Renderer\Public\Pipeline.h">
      <Filter>Render\Renderer\Public</Filter>
    </ClInclude>
    <ClInclude Include="Render\Renderer\Public\Renderer.h">
      <Filter>Render\Renderer\Public</Filter>
    </ClInclude>
    <ClInclude Include="Global\Constant.h">
      <Filter>Global</Filter>
    </ClInclude>
    <ClInclude Include="Global\CoreTypes.h">
      <Filter>Global</Filter>
    </ClInclude>
    <ClInclude Include="Global\Enum.h">
      <Filter>Global</Filter>
    </ClInclude>
    <ClInclude Include="Global\EnumReflection.h">
      <Filter>Global</Filter>
    </ClInclude>
    <ClInclude Include="Global\Function.h">
      <Filter>Global</Filter>
    </ClInclude>
    <ClInclude Include="Global\Macro.h">
      <Filter>Global</Filter>
    </ClInclude>
    <ClInclude Include="Global\Matrix.h">
      <Filter>Global</Filter>
    </ClInclude>
    <ClInclude Include="Global\Memory.h">
      <Filter>Global</Filter>
    </ClInclude>
    <ClInclude Include="Global\Types.h">
      <Filter>Global</Filter>
    </ClInclude>
    <ClInclude Include="Global\Vector.h">
      <Filter>Global</Filter>
    </ClInclude>
    <ClInclude Include="Editor\Public\BatchLines.h">
      <Filter>Editor\Public</Filter>
    </ClInclude>
    <ClInclude Include="Editor\Public\Axis.h">
      <Filter>Editor\Public</Filter>
    </ClInclude>
    <ClInclude Include="Editor\Public\BoundingBoxLines.h">
      <Filter>Editor\Public</Filter>
    </ClInclude>
    <ClInclude Include="Editor\Public\Camera.h">
      <Filter>Editor\Public</Filter>
    </ClInclude>
    <ClInclude Include="Editor\Public\Editor.h">
      <Filter>Editor\Public</Filter>
    </ClInclude>
    <ClInclude Include="Editor\Public\EditorPrimitive.h">
      <Filter>Editor\Public</Filter>
    </ClInclude>
    <ClInclude Include="Editor\Public\Gizmo.h">
      <Filter>Editor\Public</Filter>
    </ClInclude>
    <ClInclude Include="Editor\Public\Grid.h">
      <Filter>Editor\Public</Filter>
    </ClInclude>
    <ClInclude Include="Editor\Public\ObjectPicker.h">
      <Filter>Editor\Public</Filter>
    </ClInclude>
    <ClInclude Include="ImGui\imconfig.h">
      <Filter>ImGui</Filter>
    </ClInclude>
    <ClInclude Include="ImGui\imgui.h">
      <Filter>ImGui</Filter>
    </ClInclude>
    <ClInclude Include="ImGui\imgui_impl_dx11.h">
      <Filter>ImGui</Filter>
    </ClInclude>
    <ClInclude Include="ImGui\imgui_impl_win32.h">
      <Filter>ImGui</Filter>
    </ClInclude>
    <ClInclude Include="ImGui\imgui_internal.h">
      <Filter>ImGui</Filter>
    </ClInclude>
    <ClInclude Include="ImGui\imstb_rectpack.h">
      <Filter>ImGui</Filter>
    </ClInclude>
    <ClInclude Include="ImGui\imstb_textedit.h">
      <Filter>ImGui</Filter>
    </ClInclude>
    <ClInclude Include="ImGui\imstb_truetype.h">
      <Filter>ImGui</Filter>
    </ClInclude>
    <ClInclude Include="Level\Public\Level.h">
      <Filter>Level\Public</Filter>
    </ClInclude>
    <ClInclude Include="Mesh\Public\AABB.h">
      <Filter>Mesh\Public</Filter>
    </ClInclude>
    <ClInclude Include="Mesh\Public\Actor.h">
      <Filter>Mesh\Public</Filter>
    </ClInclude>
    <ClInclude Include="Mesh\Public\ActorComponent.h">
      <Filter>Mesh\Public</Filter>
    </ClInclude>
    <ClInclude Include="Mesh\Public\BoundingSphere.h">
      <Filter>Mesh\Public</Filter>
    </ClInclude>
    <ClInclude Include="Mesh\Public\BoundingVolume.h">
      <Filter>Mesh\Public</Filter>
    </ClInclude>
    <ClInclude Include="Mesh\Public\CubeActor.h">
      <Filter>Mesh\Public</Filter>
    </ClInclude>
    <ClInclude Include="Mesh\Public\CubeComponent.h">
      <Filter>Mesh\Public</Filter>
    </ClInclude>
    <ClInclude Include="Mesh\Public\LineComponent.h">
      <Filter>Mesh\Public</Filter>
    </ClInclude>
    <ClInclude Include="Mesh\Public\PrimitiveComponent.h">
      <Filter>Mesh\Public</Filter>
    </ClInclude>
    <ClInclude Include="Mesh\Public\SceneComponent.h">
      <Filter>Mesh\Public</Filter>
    </ClInclude>
    <ClInclude Include="Mesh\Public\SphereActor.h">
      <Filter>Mesh\Public</Filter>
    </ClInclude>
    <ClInclude Include="Mesh\Public\SphereComponent.h">
      <Filter>Mesh\Public</Filter>
    </ClInclude>
    <ClInclude Include="Mesh\Public\SquareActor.h">
      <Filter>Mesh\Public</Filter>
    </ClInclude>
    <ClInclude Include="Mesh\Public\SquareComponent.h">
      <Filter>Mesh\Public</Filter>
    </ClInclude>
    <ClInclude Include="Mesh\Public\TriangleActor.h">
      <Filter>Mesh\Public</Filter>
    </ClInclude>
    <ClInclude Include="Mesh\Public\TriangleComponent.h">
      <Filter>Mesh\Public</Filter>
    </ClInclude>
    <ClInclude Include="Mesh\Public\VertexDatas.h">
      <Filter>Mesh\Public</Filter>
    </ClInclude>
    <ClInclude Include="Mesh\Sample\Rectangle.h">
      <Filter>Mesh\Sample</Filter>
    </ClInclude>
    <ClInclude Include="Mesh\Sample\Sphere.h">
      <Filter>Mesh\Sample</Filter>
    </ClInclude>
    <ClInclude Include="Mesh\Sample\Triangle.h">
      <Filter>Mesh\Sample</Filter>
    </ClInclude>
    <ClInclude Include="Utility\Public\LevelSerializer.h">
      <Filter>Utility\Public</Filter>
    </ClInclude>
    <ClInclude Include="Utility\Public\Metadata.h">
      <Filter>Utility\Public</Filter>
    </ClInclude>
    <ClInclude Include="Utility\Public\UELogParser.h">
      <Filter>Utility\Public</Filter>
    </ClInclude>
  </ItemGroup>
  <ItemGroup>
    <FxCompile Include="Asset\Shader\SampleShader.hlsl">
      <Filter>Asset\Shader</Filter>
    </FxCompile>
    <FxCompile Include="Asset\Shader\BatchLinePS.hlsl">
      <Filter>Asset\Shader</Filter>
    </FxCompile>
    <FxCompile Include="Asset\Shader\BatchLineVS.hlsl">
      <Filter>Asset\Shader</Filter>
    </FxCompile>
  </ItemGroup>
  <ItemGroup>
    <Filter Include="Global">
      <UniqueIdentifier>{fe2ee994-2349-4c0d-bbc9-6ec797171b92}</UniqueIdentifier>
    </Filter>
    <Filter Include="Core">
      <UniqueIdentifier>{42cef35d-7519-47eb-b80f-c627a680cc14}</UniqueIdentifier>
    </Filter>
    <Filter Include="Core\Private">
      <UniqueIdentifier>{7fb09c06-5d85-439f-9848-f29bf9e966f5}</UniqueIdentifier>
    </Filter>
    <Filter Include="Core\Public">
      <UniqueIdentifier>{7e5c7539-c545-44dd-8c81-dc47a69c274d}</UniqueIdentifier>
    </Filter>
    <Filter Include="Manager">
      <UniqueIdentifier>{b184a2a9-787f-4ba3-a6bd-a41e70005e7a}</UniqueIdentifier>
    </Filter>
    <Filter Include="Manager\Resource">
      <UniqueIdentifier>{bd5283fa-58cd-41d4-b219-658c23cdab3d}</UniqueIdentifier>
    </Filter>
    <Filter Include="Manager\Resource\Private">
      <UniqueIdentifier>{28bec320-47b6-4c43-877a-0a3b5ff83517}</UniqueIdentifier>
    </Filter>
    <Filter Include="Manager\Resource\Public">
      <UniqueIdentifier>{7c00cdad-728a-4059-9237-876a16a3d034}</UniqueIdentifier>
    </Filter>
    <Filter Include="Manager\Input">
      <UniqueIdentifier>{108f463f-c940-487a-8802-386ea9cdefc9}</UniqueIdentifier>
    </Filter>
    <Filter Include="Manager\Input\Private">
      <UniqueIdentifier>{b1b50ae6-8eb9-49cf-a431-e702bbc461b9}</UniqueIdentifier>
    </Filter>
    <Filter Include="Manager\Input\Public">
      <UniqueIdentifier>{332d13a0-e046-4377-b2bf-f7a12214fd17}</UniqueIdentifier>
    </Filter>
    <Filter Include="Manager\Level">
      <UniqueIdentifier>{d55ffd3d-7a05-4d2f-b012-ceb8370c8518}</UniqueIdentifier>
    </Filter>
    <Filter Include="Manager\Level\Private">
      <UniqueIdentifier>{99847fc2-193a-485a-a38f-3eb98fcaf090}</UniqueIdentifier>
    </Filter>
    <Filter Include="Manager\Level\Public">
      <UniqueIdentifier>{8a920c47-c714-4b07-8b68-4d107a9ea681}</UniqueIdentifier>
    </Filter>
    <Filter Include="Manager\Path">
      <UniqueIdentifier>{f2c922af-d982-40b0-a8dc-b65f4369bf40}</UniqueIdentifier>
    </Filter>
    <Filter Include="Manager\Path\Private">
      <UniqueIdentifier>{c542c103-1676-4246-a650-f18332bccb5b}</UniqueIdentifier>
    </Filter>
    <Filter Include="Manager\Path\Public">
      <UniqueIdentifier>{3ba8794a-4661-4eab-810e-65ba43cb3109}</UniqueIdentifier>
    </Filter>
    <Filter Include="Manager\Time">
      <UniqueIdentifier>{19492670-9c4a-45fe-98da-86b825e9f470}</UniqueIdentifier>
    </Filter>
    <Filter Include="Manager\Time\Private">
      <UniqueIdentifier>{a31e1607-c6ea-41e1-b95b-7572ea898f11}</UniqueIdentifier>
    </Filter>
    <Filter Include="Manager\Time\Public">
      <UniqueIdentifier>{1e47f5ae-6aab-4b8f-a8f6-acd33ac35637}</UniqueIdentifier>
    </Filter>
    <Filter Include="Manager\UI">
      <UniqueIdentifier>{b574fab7-54ad-4b6a-a834-b7d97cc267ee}</UniqueIdentifier>
    </Filter>
    <Filter Include="Manager\UI\Private">
      <UniqueIdentifier>{353dcc35-014e-4eb4-8fc3-9bbccfdec5b0}</UniqueIdentifier>
    </Filter>
    <Filter Include="Manager\UI\Public">
      <UniqueIdentifier>{d4d0c77d-f97a-47a9-ae84-61782f4f4bf9}</UniqueIdentifier>
    </Filter>
    <Filter Include="Render">
      <UniqueIdentifier>{a668e4e7-5482-4e11-9ca2-72b71e301891}</UniqueIdentifier>
    </Filter>
    <Filter Include="Render\UI">
      <UniqueIdentifier>{c46c44cc-15bc-4b66-98e3-3be4bae53041}</UniqueIdentifier>
    </Filter>
    <Filter Include="Render\UI\Widget">
      <UniqueIdentifier>{3706905e-1d6d-4402-9828-027ca7412613}</UniqueIdentifier>
    </Filter>
    <Filter Include="Render\UI\Widget\Private">
      <UniqueIdentifier>{0beee051-dfe8-448a-9b4c-382c10c0bdf0}</UniqueIdentifier>
    </Filter>
    <Filter Include="Render\UI\Widget\Public">
      <UniqueIdentifier>{7da40ec9-54a0-4152-a2fb-067fd0f0c524}</UniqueIdentifier>
    </Filter>
    <Filter Include="Render\UI\Window">
      <UniqueIdentifier>{1e6aff1c-c785-4668-adf9-3f81315d7648}</UniqueIdentifier>
    </Filter>
    <Filter Include="Render\UI\Window\Private">
      <UniqueIdentifier>{d8f3dab4-115b-4ef0-af62-0eb907afb510}</UniqueIdentifier>
    </Filter>
    <Filter Include="Render\UI\Window\Public">
      <UniqueIdentifier>{e40a4644-b4fa-483d-baef-e5be60393ff6}</UniqueIdentifier>
    </Filter>
    <Filter Include="Render\UI\Factory">
      <UniqueIdentifier>{111531d3-b381-4808-be0b-bd2b9c09105d}</UniqueIdentifier>
    </Filter>
    <Filter Include="Render\UI\Factory\Private">
      <UniqueIdentifier>{e716d1d6-2853-46ee-8be9-cae77ef287f7}</UniqueIdentifier>
    </Filter>
    <Filter Include="Render\UI\Factory\Public">
      <UniqueIdentifier>{10348ee3-e2ff-481d-8817-5abe2564ca5d}</UniqueIdentifier>
    </Filter>
    <Filter Include="Render\UI\ImGui">
      <UniqueIdentifier>{544f566f-e558-48cb-8f94-ea6ee17c7b1c}</UniqueIdentifier>
    </Filter>
    <Filter Include="Render\UI\ImGui\Private">
      <UniqueIdentifier>{a09db23b-2956-46f1-9d92-0cf52cdc061a}</UniqueIdentifier>
    </Filter>
    <Filter Include="Render\UI\ImGui\Public">
      <UniqueIdentifier>{3cd68bd6-dc69-4e0e-80b1-985dec228dec}</UniqueIdentifier>
    </Filter>
    <Filter Include="Render\Renderer">
      <UniqueIdentifier>{7c13a12f-f4f1-4f4c-8313-bce1fd0bc034}</UniqueIdentifier>
    </Filter>
    <Filter Include="Render\Renderer\Private">
      <UniqueIdentifier>{75e76d30-be79-47c0-9f2a-47c533a016b0}</UniqueIdentifier>
    </Filter>
    <Filter Include="Render\Renderer\Public">
      <UniqueIdentifier>{ca65e9aa-7dc7-4715-b1de-b476c0c064c8}</UniqueIdentifier>
    </Filter>
    <Filter Include="Asset">
      <UniqueIdentifier>{a89a7272-12ff-4c54-9715-7e8d18e2e181}</UniqueIdentifier>
    </Filter>
    <Filter Include="Asset\Shader">
      <UniqueIdentifier>{dafc855a-6687-4e40-a716-710cfd1772a2}</UniqueIdentifier>
    </Filter>
    <Filter Include="Editor">
      <UniqueIdentifier>{2a30835e-b421-4aed-9460-5de17358e9e2}</UniqueIdentifier>
    </Filter>
    <Filter Include="Editor\Private">
      <UniqueIdentifier>{6a539710-d695-448d-b130-991b95767388}</UniqueIdentifier>
    </Filter>
    <Filter Include="Editor\Public">
      <UniqueIdentifier>{4f85ef16-b414-46d1-b239-a09c2edc2ae0}</UniqueIdentifier>
    </Filter>
    <Filter Include="ImGui">
      <UniqueIdentifier>{fd0e9181-5c0d-4e16-9d35-a6b99934cb30}</UniqueIdentifier>
    </Filter>
    <Filter Include="Level">
      <UniqueIdentifier>{5e09c49a-8097-42a0-858c-d9195d72731a}</UniqueIdentifier>
    </Filter>
    <Filter Include="Level\Private">
      <UniqueIdentifier>{0dab91d5-0c38-4596-bea3-ed5e07f8aa84}</UniqueIdentifier>
    </Filter>
    <Filter Include="Level\Public">
      <UniqueIdentifier>{2f6a07a5-a3d4-4897-9387-d8825c0982ca}</UniqueIdentifier>
    </Filter>
    <Filter Include="Mesh">
      <UniqueIdentifier>{bcbe2861-f9c6-4c7e-9eab-854db3450be1}</UniqueIdentifier>
    </Filter>
    <Filter Include="Mesh\Private">
      <UniqueIdentifier>{75f721d8-771f-4279-9ae5-9b35e8d7012b}</UniqueIdentifier>
    </Filter>
    <Filter Include="Mesh\Public">
      <UniqueIdentifier>{9ed9c87c-1619-4257-b02c-4a0ce2b3c1f7}</UniqueIdentifier>
    </Filter>
    <Filter Include="Mesh\Sample">
      <UniqueIdentifier>{6ec77dd4-7cfa-4bee-9fc3-b3fbb13b087e}</UniqueIdentifier>
    </Filter>
    <Filter Include="Utility">
      <UniqueIdentifier>{08e4289b-2c31-4000-b434-5c1d982d4629}</UniqueIdentifier>
    </Filter>
    <Filter Include="Utility\Private">
      <UniqueIdentifier>{cdc0318a-af44-4bbc-bc0c-cbe0144f587d}</UniqueIdentifier>
    </Filter>
    <Filter Include="Utility\Public">
      <UniqueIdentifier>{9214650d-f267-45c2-a3bd-e1e1b905dff9}</UniqueIdentifier>
    </Filter>
  </ItemGroup>
  <ItemGroup>
    <ResourceCompile Include="Engine.rc" />
  </ItemGroup>
  <ItemGroup>
    <None Include="ClassDiagram.cd" />
  </ItemGroup>
</Project>